PODS:
  - Alamofire (2.0.2)
  - AsyncSwift (1.6.4)
  - Charts (2.2.1):
    - Charts/Core (= 2.2.1)
  - Charts/Core (2.2.1)
  - Crashlytics (3.6.0):
    - Fabric (~> 1.6.3)
  - CryptoSwift (0.2.2)
  - Dodo (2.0.13)
  - Fabric (1.6.5)
  - Former (1.1.0)
  - Granola (0.3.0):
    - ObjectiveSugar (~> 1.1)
  - HTPressableButton (1.3.2):
    - HTPressableButton/All (= 1.3.2)
  - HTPressableButton/All (1.3.2)
  - Locksmith (2.0.6)
  - MGSwipeTableCell (1.5.3)
  - ObjectiveSugar (1.1.0)
  - Pages (0.6.3)
  - Realm (0.98.0):
    - Realm/Headers (= 0.98.0)
  - Realm/Headers (0.98.0)
  - RealmSwift (0.98.0):
    - Realm (= 0.98.0)
  - ResearchKit (1.3)
  - Stormpath (1.0.0)
  - SwiftDate (3.0.1)
  - SwiftyBeaver (0.3.2)
  - SwiftyJSON (2.3.2)
  - SwiftyUserDefaults (2.0.0)

DEPENDENCIES:
  - Alamofire (~> 2.0)
  - AsyncSwift
  - Charts (from `https://github.com/danielgindi/ios-charts.git`)
  - Crashlytics
  - CryptoSwift
  - Dodo (~> 2.0)
  - Fabric
  - Former
  - Granola (from `https://github.com/yanif/Granola.git`)
  - HTPressableButton
  - Locksmith
  - MGSwipeTableCell
  - Pages
  - Realm (from `https://github.com/realm/realm-cocoa.git`, branch `swift-2.0`)
  - RealmSwift (from `https://github.com/realm/realm-cocoa.git`, branch `swift-2.0`)
  - ResearchKit (from `https://github.com/DJBen/ResearchKit.git`)
  - Stormpath
  - SwiftDate
  - SwiftyBeaver (~> 0.2)
  - SwiftyJSON (from `https://github.com/SwiftyJSON/SwiftyJSON.git`)
  - SwiftyUserDefaults

EXTERNAL SOURCES:
  Charts:
    :git: https://github.com/danielgindi/ios-charts.git
  Granola:
    :git: https://github.com/yanif/Granola.git
  Realm:
    :branch: swift-2.0
    :git: https://github.com/realm/realm-cocoa.git
  RealmSwift:
    :branch: swift-2.0
    :git: https://github.com/realm/realm-cocoa.git
  ResearchKit:
    :git: https://github.com/DJBen/ResearchKit.git
  SwiftyJSON:
    :git: https://github.com/SwiftyJSON/SwiftyJSON.git

CHECKOUT OPTIONS:
  Charts:
    :commit: eb42279f92343f0aaae1fffa69bc0b63930e895f
    :git: https://github.com/danielgindi/ios-charts.git
  Granola:
    :commit: e22e2f0077e36156656e3689d01c036cabb0ccd8
    :git: https://github.com/yanif/Granola.git
  Realm:
    :commit: 00f1ca56cf4d609401476c33f96ee284f179824e
    :git: https://github.com/realm/realm-cocoa.git
  RealmSwift:
    :commit: 00f1ca56cf4d609401476c33f96ee284f179824e
    :git: https://github.com/realm/realm-cocoa.git
  ResearchKit:
    :commit: 4215c289f5d8c2502e5fc5c088ed559979585bd6
    :git: https://github.com/DJBen/ResearchKit.git
  SwiftyJSON:
    :commit: 42bdb102d2624b143c07850ebdc1537d5b6579b6
    :git: https://github.com/SwiftyJSON/SwiftyJSON.git

SPEC CHECKSUMS:
  Alamofire: 8edbab00802a752bb5240cc2abe70e7e881488ad
  AsyncSwift: 3c90beed237324f1b57e1f1c414dc5501985d208
  Charts: 3ff893c1a4416ab6abed7a6d26fa1c13372f3456
  Crashlytics: e4e8d02914f2608fbc7bf42b1a7af838b0db67a2
  CryptoSwift: d382228d6301c09474132417878a741c2a2e68cd
  Dodo: 0d783bc1f55e59d53fb698b3380ad8553079540e
  Fabric: 338ffd3c2afcab120638907b4251189de9ad17b3
  Former: 5b2ac5acdc8b059e1346d048c26a9d5dbd751c55
  Granola: 9363048b8cc0309b43ed1f6b700af47b55b74f35
  HTPressableButton: 8e0108962e6e4620378dcfccdaaf363a10e98fa2
  Locksmith: 42ec3d535448e3c218f4342782b07a222b1acfd1
  MGSwipeTableCell: 5ae3b9a15efda26b201adc8676b24040febe6ff6
  ObjectiveSugar: a6a25f23d657c19df0a0b972466d5b5ca9f5295c
  Pages: 71e80bc64040f1176297c327d080d80b7e74b38c
  Realm: 28efc598b8b1b378d27a222d9fc037a29ae68642
  RealmSwift: 7ef4b9ee449d711cd5a7d69a3af1cc5cd0efb619
  ResearchKit: a291db406fa628507f3131020887e2179ed7a755
  Stormpath: c615c6c44f9f0a6dcee0a7bb6610136562875084
  SwiftDate: 0ffc7cdc4e4ddffe44cb9f4ee378e4d68eaba6e7
  SwiftyBeaver: b1c65315623609e7387f821f13284508d8479c95
  SwiftyJSON: 04ccea08915aa0109039157c7974cf0298da292a
  SwiftyUserDefaults: 1266e9734c68bcfbac8294ee84173dc8ba6db312

COCOAPODS: 0.39.0
