// !$*UTF8*$!
{
	archiveVersion = 1;
	classes = {
	};
	objectVersion = 46;
	objects = {

/* Begin PBXBuildFile section */
		7816FFB91C1E2DC5002E2ED8 /* TextInputTableViewCell.swift in Sources */ = {isa = PBXBuildFile; fileRef = 7816FFB81C1E2DC5002E2ED8 /* TextInputTableViewCell.swift */; };
		7816FFBB1C1E45D3002E2ED8 /* UserManager.swift in Sources */ = {isa = PBXBuildFile; fileRef = 7816FFBA1C1E45D3002E2ED8 /* UserManager.swift */; };
		781CF2BF1C6A4781001DF3B2 /* SecureConstants.swift in Sources */ = {isa = PBXBuildFile; fileRef = 781CF2BE1C6A4781001DF3B2 /* SecureConstants.swift */; };
		781CF2C11C6A6A36001DF3B2 /* EventTimeViewController.swift in Sources */ = {isa = PBXBuildFile; fileRef = 781CF2C01C6A6A36001DF3B2 /* EventTimeViewController.swift */; };
		78398D681C781EF0009653D6 /* ScreenManager.swift in Sources */ = {isa = PBXBuildFile; fileRef = 78398D671C781EF0009653D6 /* ScreenManager.swift */; };
		783E53D21C75856200BEBF33 /* DataGenerator.swift in Sources */ = {isa = PBXBuildFile; fileRef = 783E53D11C75856200BEBF33 /* DataGenerator.swift */; };
		7840A4991C6E53A80005B66F /* VariantViewController.swift in Sources */ = {isa = PBXBuildFile; fileRef = 7840A4981C6E53A80005B66F /* VariantViewController.swift */; };
		7840A49B1C6E5A680005B66F /* ErrorViewController.swift in Sources */ = {isa = PBXBuildFile; fileRef = 7840A49A1C6E5A680005B66F /* ErrorViewController.swift */; };
		7843F9121C1FAD9900AB8978 /* ServiceAPI.swift in Sources */ = {isa = PBXBuildFile; fileRef = 7843F9111C1FAD9900AB8978 /* ServiceAPI.swift */; };
		7848A7E01C699007003241FF /* BehaviorMonitor.swift in Sources */ = {isa = PBXBuildFile; fileRef = 7848A7DF1C699007003241FF /* BehaviorMonitor.swift */; };
		7859783F1C1BC418008377F9 /* HealthKit.framework in Frameworks */ = {isa = PBXBuildFile; fileRef = 7859783E1C1BC418008377F9 /* HealthKit.framework */; };
		785978411C1BD4F1008377F9 /* EventManager.swift in Sources */ = {isa = PBXBuildFile; fileRef = 785978401C1BD4F1008377F9 /* EventManager.swift */; };
		7860E9131C61C470004C9741 /* DebugViewController.swift in Sources */ = {isa = PBXBuildFile; fileRef = 7860E9121C61C470004C9741 /* DebugViewController.swift */; };
		7861300D1C25E05600F50DB3 /* QueryViewController.swift in Sources */ = {isa = PBXBuildFile; fileRef = 7861300C1C25E05600F50DB3 /* QueryViewController.swift */; };
		7861300F1C25F42B00F50DB3 /* QueryManager.swift in Sources */ = {isa = PBXBuildFile; fileRef = 7861300E1C25F42B00F50DB3 /* QueryManager.swift */; };
		7863EA9C1C27302B0038DE7A /* ConsentManager.swift in Sources */ = {isa = PBXBuildFile; fileRef = 7863EA9B1C27302B0038DE7A /* ConsentManager.swift */; };
		7863EA9E1C27332C0038DE7A /* QueryWriterViewController.swift in Sources */ = {isa = PBXBuildFile; fileRef = 7863EA9D1C27332C0038DE7A /* QueryWriterViewController.swift */; };
		786817611C6CF37D0018ABB5 /* ProfileSubviewController.swift in Sources */ = {isa = PBXBuildFile; fileRef = 786817601C6CF37D0018ABB5 /* ProfileSubviewController.swift */; };
		786DF10D1C72AFE0007C2D4C /* Constants.swift in Sources */ = {isa = PBXBuildFile; fileRef = 786DF10C1C72AFE0007C2D4C /* Constants.swift */; };
		7881A3E11BAF3B3E00ECB3C6 /* AppDelegate.swift in Sources */ = {isa = PBXBuildFile; fileRef = 7881A3E01BAF3B3E00ECB3C6 /* AppDelegate.swift */; };
		7881A3E31BAF3B3E00ECB3C6 /* IntroViewController.swift in Sources */ = {isa = PBXBuildFile; fileRef = 7881A3E21BAF3B3E00ECB3C6 /* IntroViewController.swift */; };
		7881A3F61BAF3B3E00ECB3C6 /* CircatorTests.swift in Sources */ = {isa = PBXBuildFile; fileRef = 7881A3F51BAF3B3E00ECB3C6 /* CircatorTests.swift */; };
		7881A4011BAF3B3E00ECB3C6 /* CircatorUITests.swift in Sources */ = {isa = PBXBuildFile; fileRef = 7881A4001BAF3B3E00ECB3C6 /* CircatorUITests.swift */; };
		7884E8E81C5F0804000261EE /* UINotifications.swift in Sources */ = {isa = PBXBuildFile; fileRef = 7884E8E71C5F0804000261EE /* UINotifications.swift */; };
		7886EADF1C22AC2A00D7E3D4 /* LoginViewController.swift in Sources */ = {isa = PBXBuildFile; fileRef = 7886EADE1C22AC2A00D7E3D4 /* LoginViewController.swift */; };
		78AC90CC1C1E859F008C931B /* UserAccount.swift in Sources */ = {isa = PBXBuildFile; fileRef = 78AC90CB1C1E859F008C931B /* UserAccount.swift */; };
		78BEAC9E1C5E7EE800F0B541 /* PopulationHealthManager.swift in Sources */ = {isa = PBXBuildFile; fileRef = 78BEAC9D1C5E7EE800F0B541 /* PopulationHealthManager.swift */; };
		78CE00AD1C65CC5A005E955C /* RadarViewController.swift in Sources */ = {isa = PBXBuildFile; fileRef = 78CE00AC1C65CC5A005E955C /* RadarViewController.swift */; };
		78DA2D741C28ED2A005CC2DB /* RegisterViewController.swift in Sources */ = {isa = PBXBuildFile; fileRef = 78DA2D731C28ED2A005CC2DB /* RegisterViewController.swift */; };
		78E521A01C25687900FAE56A /* Pods.framework in Frameworks */ = {isa = PBXBuildFile; fileRef = 78E5219F1C25687900FAE56A /* Pods.framework */; };
		78F65A4D1C25126E0074449D /* QueryBuilderViewController.swift in Sources */ = {isa = PBXBuildFile; fileRef = 78F65A4C1C25126E0074449D /* QueryBuilderViewController.swift */; };
		814299441C963189005303D2 /* EventItemTableViewCell.swift in Sources */ = {isa = PBXBuildFile; fileRef = 814299431C963189005303D2 /* EventItemTableViewCell.swift */; };
		814299461C963B15005303D2 /* EventItemView.swift in Sources */ = {isa = PBXBuildFile; fileRef = 814299451C963B15005303D2 /* EventItemView.swift */; };
		8142AC861C95D64200B36C14 /* RepeatedEventsListViewController.swift in Sources */ = {isa = PBXBuildFile; fileRef = 8142AC851C95D64200B36C14 /* RepeatedEventsListViewController.swift */; };
		81CCD8151C8142AE005299AA /* DefaultEventPeriodSelectorViewController.swift in Sources */ = {isa = PBXBuildFile; fileRef = 81CCD8141C8142AE005299AA /* DefaultEventPeriodSelectorViewController.swift */; };
		A88F31F3DDADAD50F4190F8E /* Pods.framework in Frameworks */ = {isa = PBXBuildFile; fileRef = CB09F654AB4B00C79306C728 /* Pods.framework */; };
		F42F5ADD1BDC85AF00195490 /* SampleDataAnalyzer.swift in Sources */ = {isa = PBXBuildFile; fileRef = F42F5ADC1BDC85AF00195490 /* SampleDataAnalyzer.swift */; };
		F42F5B351BE1FD1E00195490 /* CircatorKit.h in Headers */ = {isa = PBXBuildFile; fileRef = F42F5B341BE1FD1E00195490 /* CircatorKit.h */; settings = {ATTRIBUTES = (Public, ); }; };
		F42F5B391BE1FD1E00195490 /* CircatorKit.framework in Frameworks */ = {isa = PBXBuildFile; fileRef = F42F5B321BE1FD1E00195490 /* CircatorKit.framework */; };
		F42F5B3A1BE1FD1E00195490 /* CircatorKit.framework in Embed Frameworks */ = {isa = PBXBuildFile; fileRef = F42F5B321BE1FD1E00195490 /* CircatorKit.framework */; settings = {ATTRIBUTES = (CodeSignOnCopy, RemoveHeadersOnCopy, ); }; };
		F42F5B451BE2048400195490 /* HealthManager.swift in Sources */ = {isa = PBXBuildFile; fileRef = F42F5B421BE2048400195490 /* HealthManager.swift */; };
		F42F5B461BE2048400195490 /* SampleFormatter.swift in Sources */ = {isa = PBXBuildFile; fileRef = F42F5B431BE2048400195490 /* SampleFormatter.swift */; };
		F42F5B471BE2048400195490 /* Theme.swift in Sources */ = {isa = PBXBuildFile; fileRef = F42F5B441BE2048400195490 /* Theme.swift */; };
		F42F5B501BE20CDD00195490 /* Interface.storyboard in Resources */ = {isa = PBXBuildFile; fileRef = F42F5B4E1BE20CDD00195490 /* Interface.storyboard */; };
		F42F5B521BE20CDD00195490 /* Assets.xcassets in Resources */ = {isa = PBXBuildFile; fileRef = F42F5B511BE20CDD00195490 /* Assets.xcassets */; };
		F42F5B591BE20CDD00195490 /* CircatorWatch Extension.appex in Embed App Extensions */ = {isa = PBXBuildFile; fileRef = F42F5B581BE20CDD00195490 /* CircatorWatch Extension.appex */; settings = {ATTRIBUTES = (RemoveHeadersOnCopy, ); }; };
		F42F5B601BE20CDD00195490 /* InterfaceController.swift in Sources */ = {isa = PBXBuildFile; fileRef = F42F5B5F1BE20CDD00195490 /* InterfaceController.swift */; };
		F42F5B621BE20CDD00195490 /* ExtensionDelegate.swift in Sources */ = {isa = PBXBuildFile; fileRef = F42F5B611BE20CDD00195490 /* ExtensionDelegate.swift */; };
		F42F5B641BE20CDD00195490 /* NotificationController.swift in Sources */ = {isa = PBXBuildFile; fileRef = F42F5B631BE20CDD00195490 /* NotificationController.swift */; };
		F42F5B661BE20CDD00195490 /* GlanceController.swift in Sources */ = {isa = PBXBuildFile; fileRef = F42F5B651BE20CDD00195490 /* GlanceController.swift */; };
		F42F5B681BE20CDD00195490 /* ComplicationController.swift in Sources */ = {isa = PBXBuildFile; fileRef = F42F5B671BE20CDD00195490 /* ComplicationController.swift */; };
		F42F5B6A1BE20CDD00195490 /* Assets.xcassets in Resources */ = {isa = PBXBuildFile; fileRef = F42F5B691BE20CDD00195490 /* Assets.xcassets */; };
		F42F5B6E1BE20CDD00195490 /* CircatorWatch.app in Embed Watch Content */ = {isa = PBXBuildFile; fileRef = F42F5B4C1BE20CDD00195490 /* CircatorWatch.app */; };
		F42F5B791BE2292D00195490 /* BioPreviewRow.swift in Sources */ = {isa = PBXBuildFile; fileRef = F42F5B781BE2292D00195490 /* BioPreviewRow.swift */; };
		F42F5B7B1BE22AC700195490 /* ConnectivityManager.swift in Sources */ = {isa = PBXBuildFile; fileRef = F42F5B7A1BE22AC700195490 /* ConnectivityManager.swift */; };
		F42F5B951BE2C89200195490 /* CorrelationViewController.swift in Sources */ = {isa = PBXBuildFile; fileRef = F42F5B941BE2C89200195490 /* CorrelationViewController.swift */; };
		F43A7C551BBDF25E00B6FA56 /* Images.xcassets in Resources */ = {isa = PBXBuildFile; fileRef = F43A7C541BBDF25E00B6FA56 /* Images.xcassets */; };
		F43A7C571BBDF29D00B6FA56 /* LaunchScreen.storyboard in Resources */ = {isa = PBXBuildFile; fileRef = F43A7C561BBDF29D00B6FA56 /* LaunchScreen.storyboard */; };
		F43A7C5D1BBDF43600B6FA56 /* CollectionViewCell.swift in Sources */ = {isa = PBXBuildFile; fileRef = F43A7C5B1BBDF43600B6FA56 /* CollectionViewCell.swift */; };
		F43A7C5E1BBDF43600B6FA56 /* PlotButton.swift in Sources */ = {isa = PBXBuildFile; fileRef = F43A7C5C1BBDF43600B6FA56 /* PlotButton.swift */; };
		F43A7C681BBE508D00B6FA56 /* IntroCompareDataTableViewCell.swift in Sources */ = {isa = PBXBuildFile; fileRef = F43A7C671BBE508D00B6FA56 /* IntroCompareDataTableViewCell.swift */; };
		F44B1A2D1BDAC20D002238E6 /* PlotViewController.swift in Sources */ = {isa = PBXBuildFile; fileRef = F44B1A2C1BDAC20D002238E6 /* PlotViewController.swift */; };
		F49B2B6D1C7A6206005F2BFB /* RepeatedEventsController.swift in Sources */ = {isa = PBXBuildFile; fileRef = F49B2B6C1C7A6206005F2BFB /* RepeatedEventsController.swift */; };
		F49B2B6F1C7A71DC005F2BFB /* DaySelectionViewController.swift in Sources */ = {isa = PBXBuildFile; fileRef = F49B2B6E1C7A71DC005F2BFB /* DaySelectionViewController.swift */; };
		F49B2B711C7A83BD005F2BFB /* EventPickerManager.swift in Sources */ = {isa = PBXBuildFile; fileRef = F49B2B701C7A83BD005F2BFB /* EventPickerManager.swift */; };
		F4F4DA581C0257130073E9EE /* SettingsViewController.swift in Sources */ = {isa = PBXBuildFile; fileRef = F4F4DA571C0257130073E9EE /* SettingsViewController.swift */; };
		F4F4DA5A1C025BE30073E9EE /* PreviewManager.swift in Sources */ = {isa = PBXBuildFile; fileRef = F4F4DA591C025BE30073E9EE /* PreviewManager.swift */; };
		F4F4DA5C1C0271660073E9EE /* RowSettingsViewController.swift in Sources */ = {isa = PBXBuildFile; fileRef = F4F4DA5B1C0271660073E9EE /* RowSettingsViewController.swift */; };
/* End PBXBuildFile section */

/* Begin PBXContainerItemProxy section */
		7881A3F21BAF3B3E00ECB3C6 /* PBXContainerItemProxy */ = {
			isa = PBXContainerItemProxy;
			containerPortal = 7881A3D51BAF3B3E00ECB3C6 /* Project object */;
			proxyType = 1;
			remoteGlobalIDString = 7881A3DC1BAF3B3E00ECB3C6;
			remoteInfo = Circator;
		};
		7881A3FD1BAF3B3E00ECB3C6 /* PBXContainerItemProxy */ = {
			isa = PBXContainerItemProxy;
			containerPortal = 7881A3D51BAF3B3E00ECB3C6 /* Project object */;
			proxyType = 1;
			remoteGlobalIDString = 7881A3DC1BAF3B3E00ECB3C6;
			remoteInfo = Circator;
		};
		F42F5B371BE1FD1E00195490 /* PBXContainerItemProxy */ = {
			isa = PBXContainerItemProxy;
			containerPortal = 7881A3D51BAF3B3E00ECB3C6 /* Project object */;
			proxyType = 1;
			remoteGlobalIDString = F42F5B311BE1FD1E00195490;
			remoteInfo = CircatorKit;
		};
		F42F5B5A1BE20CDD00195490 /* PBXContainerItemProxy */ = {
			isa = PBXContainerItemProxy;
			containerPortal = 7881A3D51BAF3B3E00ECB3C6 /* Project object */;
			proxyType = 1;
			remoteGlobalIDString = F42F5B571BE20CDD00195490;
			remoteInfo = "CircatorWatch Extension";
		};
		F42F5B6C1BE20CDD00195490 /* PBXContainerItemProxy */ = {
			isa = PBXContainerItemProxy;
			containerPortal = 7881A3D51BAF3B3E00ECB3C6 /* Project object */;
			proxyType = 1;
			remoteGlobalIDString = F42F5B4B1BE20CDD00195490;
			remoteInfo = CircatorWatch;
		};
/* End PBXContainerItemProxy section */

/* Begin PBXCopyFilesBuildPhase section */
		F42F5B2C1BE1FCAF00195490 /* Embed Watch Content */ = {
			isa = PBXCopyFilesBuildPhase;
			buildActionMask = 2147483647;
			dstPath = "$(CONTENTS_FOLDER_PATH)/Watch";
			dstSubfolderSpec = 16;
			files = (
				F42F5B6E1BE20CDD00195490 /* CircatorWatch.app in Embed Watch Content */,
			);
			name = "Embed Watch Content";
			runOnlyForDeploymentPostprocessing = 0;
		};
		F42F5B3E1BE1FD1F00195490 /* Embed Frameworks */ = {
			isa = PBXCopyFilesBuildPhase;
			buildActionMask = 2147483647;
			dstPath = "";
			dstSubfolderSpec = 10;
			files = (
				F42F5B3A1BE1FD1E00195490 /* CircatorKit.framework in Embed Frameworks */,
			);
			name = "Embed Frameworks";
			runOnlyForDeploymentPostprocessing = 0;
		};
		F42F5B721BE20CDD00195490 /* Embed App Extensions */ = {
			isa = PBXCopyFilesBuildPhase;
			buildActionMask = 2147483647;
			dstPath = "";
			dstSubfolderSpec = 13;
			files = (
				F42F5B591BE20CDD00195490 /* CircatorWatch Extension.appex in Embed App Extensions */,
			);
			name = "Embed App Extensions";
			runOnlyForDeploymentPostprocessing = 0;
		};
		F42F5B931BE22EA900195490 /* Embed Frameworks */ = {
			isa = PBXCopyFilesBuildPhase;
			buildActionMask = 2147483647;
			dstPath = "";
			dstSubfolderSpec = 10;
			files = (
			);
			name = "Embed Frameworks";
			runOnlyForDeploymentPostprocessing = 0;
		};
/* End PBXCopyFilesBuildPhase section */

/* Begin PBXFileReference section */
		06103AD5E3EB4C84C4980CB1 /* Pods_Circator.framework */ = {isa = PBXFileReference; explicitFileType = wrapper.framework; includeInIndex = 0; path = Pods_Circator.framework; sourceTree = BUILT_PRODUCTS_DIR; };
		4768419D940426F855957056 /* Pods-Circator.debug.xcconfig */ = {isa = PBXFileReference; includeInIndex = 1; lastKnownFileType = text.xcconfig; name = "Pods-Circator.debug.xcconfig"; path = "Pods/Target Support Files/Pods-Circator/Pods-Circator.debug.xcconfig"; sourceTree = "<group>"; };
		780211561C20E33F000120CE /* Pods_Circator.framework */ = {isa = PBXFileReference; lastKnownFileType = wrapper.framework; name = Pods_Circator.framework; path = "Pods/../build/Debug-iphoneos/Pods_Circator.framework"; sourceTree = "<group>"; };
		780211581C20E36B000120CE /* Pods_Circator.framework */ = {isa = PBXFileReference; lastKnownFileType = wrapper.framework; name = Pods_Circator.framework; path = "Pods/../build/Debug-iphoneos/Pods_Circator.framework"; sourceTree = "<group>"; };
		7816FFB81C1E2DC5002E2ED8 /* TextInputTableViewCell.swift */ = {isa = PBXFileReference; fileEncoding = 4; lastKnownFileType = sourcecode.swift; path = TextInputTableViewCell.swift; sourceTree = "<group>"; };
		7816FFBA1C1E45D3002E2ED8 /* UserManager.swift */ = {isa = PBXFileReference; fileEncoding = 4; lastKnownFileType = sourcecode.swift; path = UserManager.swift; sourceTree = "<group>"; };
		781CF2BE1C6A4781001DF3B2 /* SecureConstants.swift */ = {isa = PBXFileReference; fileEncoding = 4; lastKnownFileType = sourcecode.swift; path = SecureConstants.swift; sourceTree = "<group>"; };
		781CF2C01C6A6A36001DF3B2 /* EventTimeViewController.swift */ = {isa = PBXFileReference; fileEncoding = 4; lastKnownFileType = sourcecode.swift; path = EventTimeViewController.swift; sourceTree = "<group>"; };
		781EE1231BAF3F6B00E6DDA1 /* Podfile */ = {isa = PBXFileReference; fileEncoding = 4; lastKnownFileType = text; name = Podfile; path = ../Podfile; sourceTree = "<group>"; xcLanguageSpecificationIdentifier = xcode.lang.ruby; };
		781EE1241BAF3F6B00E6DDA1 /* README.md */ = {isa = PBXFileReference; fileEncoding = 4; lastKnownFileType = net.daringfireball.markdown; name = README.md; path = ../README.md; sourceTree = "<group>"; };
		78398D671C781EF0009653D6 /* ScreenManager.swift */ = {isa = PBXFileReference; fileEncoding = 4; lastKnownFileType = sourcecode.swift; path = ScreenManager.swift; sourceTree = "<group>"; };
		783E53D11C75856200BEBF33 /* DataGenerator.swift */ = {isa = PBXFileReference; fileEncoding = 4; lastKnownFileType = sourcecode.swift; path = DataGenerator.swift; sourceTree = "<group>"; };
		7840A4981C6E53A80005B66F /* VariantViewController.swift */ = {isa = PBXFileReference; fileEncoding = 4; lastKnownFileType = sourcecode.swift; path = VariantViewController.swift; sourceTree = "<group>"; };
		7840A49A1C6E5A680005B66F /* ErrorViewController.swift */ = {isa = PBXFileReference; fileEncoding = 4; lastKnownFileType = sourcecode.swift; path = ErrorViewController.swift; sourceTree = "<group>"; };
		7843F9111C1FAD9900AB8978 /* ServiceAPI.swift */ = {isa = PBXFileReference; fileEncoding = 4; lastKnownFileType = sourcecode.swift; path = ServiceAPI.swift; sourceTree = "<group>"; };
		7848A7DF1C699007003241FF /* BehaviorMonitor.swift */ = {isa = PBXFileReference; fileEncoding = 4; lastKnownFileType = sourcecode.swift; path = BehaviorMonitor.swift; sourceTree = "<group>"; };
		7859783E1C1BC418008377F9 /* HealthKit.framework */ = {isa = PBXFileReference; lastKnownFileType = wrapper.framework; name = HealthKit.framework; path = System/Library/Frameworks/HealthKit.framework; sourceTree = SDKROOT; };
		785978401C1BD4F1008377F9 /* EventManager.swift */ = {isa = PBXFileReference; fileEncoding = 4; lastKnownFileType = sourcecode.swift; path = EventManager.swift; sourceTree = "<group>"; };
		7860E9121C61C470004C9741 /* DebugViewController.swift */ = {isa = PBXFileReference; fileEncoding = 4; lastKnownFileType = sourcecode.swift; path = DebugViewController.swift; sourceTree = "<group>"; };
		7861300C1C25E05600F50DB3 /* QueryViewController.swift */ = {isa = PBXFileReference; fileEncoding = 4; lastKnownFileType = sourcecode.swift; path = QueryViewController.swift; sourceTree = "<group>"; };
		7861300E1C25F42B00F50DB3 /* QueryManager.swift */ = {isa = PBXFileReference; fileEncoding = 4; lastKnownFileType = sourcecode.swift; path = QueryManager.swift; sourceTree = "<group>"; };
		7863EA9B1C27302B0038DE7A /* ConsentManager.swift */ = {isa = PBXFileReference; fileEncoding = 4; lastKnownFileType = sourcecode.swift; path = ConsentManager.swift; sourceTree = "<group>"; };
		7863EA9D1C27332C0038DE7A /* QueryWriterViewController.swift */ = {isa = PBXFileReference; fileEncoding = 4; lastKnownFileType = sourcecode.swift; path = QueryWriterViewController.swift; sourceTree = "<group>"; };
		786817601C6CF37D0018ABB5 /* ProfileSubviewController.swift */ = {isa = PBXFileReference; fileEncoding = 4; lastKnownFileType = sourcecode.swift; path = ProfileSubviewController.swift; sourceTree = "<group>"; };
		786DF10C1C72AFE0007C2D4C /* Constants.swift */ = {isa = PBXFileReference; fileEncoding = 4; lastKnownFileType = sourcecode.swift; path = Constants.swift; sourceTree = "<group>"; };
		7881A3DD1BAF3B3E00ECB3C6 /* Circator.app */ = {isa = PBXFileReference; explicitFileType = wrapper.application; includeInIndex = 0; path = Circator.app; sourceTree = BUILT_PRODUCTS_DIR; };
		7881A3E01BAF3B3E00ECB3C6 /* AppDelegate.swift */ = {isa = PBXFileReference; lastKnownFileType = sourcecode.swift; path = AppDelegate.swift; sourceTree = "<group>"; };
		7881A3E21BAF3B3E00ECB3C6 /* IntroViewController.swift */ = {isa = PBXFileReference; lastKnownFileType = sourcecode.swift; path = IntroViewController.swift; sourceTree = "<group>"; };
		7881A3EC1BAF3B3E00ECB3C6 /* Info.plist */ = {isa = PBXFileReference; lastKnownFileType = text.plist.xml; path = Info.plist; sourceTree = "<group>"; };
		7881A3F11BAF3B3E00ECB3C6 /* CircatorTests.xctest */ = {isa = PBXFileReference; explicitFileType = wrapper.cfbundle; includeInIndex = 0; path = CircatorTests.xctest; sourceTree = BUILT_PRODUCTS_DIR; };
		7881A3F51BAF3B3E00ECB3C6 /* CircatorTests.swift */ = {isa = PBXFileReference; lastKnownFileType = sourcecode.swift; path = CircatorTests.swift; sourceTree = "<group>"; };
		7881A3F71BAF3B3E00ECB3C6 /* Info.plist */ = {isa = PBXFileReference; lastKnownFileType = text.plist.xml; path = Info.plist; sourceTree = "<group>"; };
		7881A3FC1BAF3B3E00ECB3C6 /* CircatorUITests.xctest */ = {isa = PBXFileReference; explicitFileType = wrapper.cfbundle; includeInIndex = 0; path = CircatorUITests.xctest; sourceTree = BUILT_PRODUCTS_DIR; };
		7881A4001BAF3B3E00ECB3C6 /* CircatorUITests.swift */ = {isa = PBXFileReference; lastKnownFileType = sourcecode.swift; path = CircatorUITests.swift; sourceTree = "<group>"; };
		7881A4021BAF3B3E00ECB3C6 /* Info.plist */ = {isa = PBXFileReference; lastKnownFileType = text.plist.xml; path = Info.plist; sourceTree = "<group>"; };
		7884E8E71C5F0804000261EE /* UINotifications.swift */ = {isa = PBXFileReference; fileEncoding = 4; lastKnownFileType = sourcecode.swift; path = UINotifications.swift; sourceTree = "<group>"; };
		7886EADE1C22AC2A00D7E3D4 /* LoginViewController.swift */ = {isa = PBXFileReference; fileEncoding = 4; lastKnownFileType = sourcecode.swift; path = LoginViewController.swift; sourceTree = "<group>"; };
		78AC90CB1C1E859F008C931B /* UserAccount.swift */ = {isa = PBXFileReference; fileEncoding = 4; lastKnownFileType = sourcecode.swift; path = UserAccount.swift; sourceTree = "<group>"; };
		78B279C21C80FFE5005A6249 /* CircatorWatch Extension.entitlements */ = {isa = PBXFileReference; lastKnownFileType = text.xml; path = "CircatorWatch Extension.entitlements"; sourceTree = "<group>"; };
		78B279C31C80FFEA005A6249 /* CircatorWatch.entitlements */ = {isa = PBXFileReference; lastKnownFileType = text.xml; path = CircatorWatch.entitlements; sourceTree = "<group>"; };
		78BEAC9D1C5E7EE800F0B541 /* PopulationHealthManager.swift */ = {isa = PBXFileReference; fileEncoding = 4; lastKnownFileType = sourcecode.swift; path = PopulationHealthManager.swift; sourceTree = "<group>"; };
		78CE00AC1C65CC5A005E955C /* RadarViewController.swift */ = {isa = PBXFileReference; fileEncoding = 4; lastKnownFileType = sourcecode.swift; path = RadarViewController.swift; sourceTree = "<group>"; };
		78DA2D731C28ED2A005CC2DB /* RegisterViewController.swift */ = {isa = PBXFileReference; fileEncoding = 4; lastKnownFileType = sourcecode.swift; path = RegisterViewController.swift; sourceTree = "<group>"; };
		78E5219F1C25687900FAE56A /* Pods.framework */ = {isa = PBXFileReference; lastKnownFileType = wrapper.framework; name = Pods.framework; path = "Pods/../build/Debug-iphoneos/Pods.framework"; sourceTree = "<group>"; };
		78F65A4C1C25126E0074449D /* QueryBuilderViewController.swift */ = {isa = PBXFileReference; fileEncoding = 4; lastKnownFileType = sourcecode.swift; path = QueryBuilderViewController.swift; sourceTree = "<group>"; };
		78F9FE3D1C20E48D0026D790 /* Pods_Circator.framework */ = {isa = PBXFileReference; lastKnownFileType = wrapper.framework; name = Pods_Circator.framework; path = "Pods/../build/Debug-iphoneos/Pods_Circator.framework"; sourceTree = "<group>"; };
		814299431C963189005303D2 /* EventItemTableViewCell.swift */ = {isa = PBXFileReference; fileEncoding = 4; lastKnownFileType = sourcecode.swift; path = EventItemTableViewCell.swift; sourceTree = "<group>"; };
		814299451C963B15005303D2 /* EventItemView.swift */ = {isa = PBXFileReference; fileEncoding = 4; lastKnownFileType = sourcecode.swift; path = EventItemView.swift; sourceTree = "<group>"; };
		8142AC851C95D64200B36C14 /* RepeatedEventsListViewController.swift */ = {isa = PBXFileReference; fileEncoding = 4; lastKnownFileType = sourcecode.swift; path = RepeatedEventsListViewController.swift; sourceTree = "<group>"; };
		81CCD8141C8142AE005299AA /* DefaultEventPeriodSelectorViewController.swift */ = {isa = PBXFileReference; fileEncoding = 4; lastKnownFileType = sourcecode.swift; path = DefaultEventPeriodSelectorViewController.swift; sourceTree = "<group>"; };
		8B4A08D995498CDA94BBB258 /* Pods-Circator.release.xcconfig */ = {isa = PBXFileReference; includeInIndex = 1; lastKnownFileType = text.xcconfig; name = "Pods-Circator.release.xcconfig"; path = "Pods/Target Support Files/Pods-Circator/Pods-Circator.release.xcconfig"; sourceTree = "<group>"; };
		984776BC6A59A33B4580C535 /* Pods.release.xcconfig */ = {isa = PBXFileReference; includeInIndex = 1; lastKnownFileType = text.xcconfig; name = Pods.release.xcconfig; path = "Pods/Target Support Files/Pods/Pods.release.xcconfig"; sourceTree = "<group>"; };
		CB09F654AB4B00C79306C728 /* Pods.framework */ = {isa = PBXFileReference; explicitFileType = wrapper.framework; includeInIndex = 0; path = Pods.framework; sourceTree = BUILT_PRODUCTS_DIR; };
		F28DDB83BE2DA2B65B631537 /* Pods.debug.xcconfig */ = {isa = PBXFileReference; includeInIndex = 1; lastKnownFileType = text.xcconfig; name = Pods.debug.xcconfig; path = "Pods/Target Support Files/Pods/Pods.debug.xcconfig"; sourceTree = "<group>"; };
		F42F5ADC1BDC85AF00195490 /* SampleDataAnalyzer.swift */ = {isa = PBXFileReference; fileEncoding = 4; lastKnownFileType = sourcecode.swift; path = SampleDataAnalyzer.swift; sourceTree = "<group>"; };
		F42F5B321BE1FD1E00195490 /* CircatorKit.framework */ = {isa = PBXFileReference; explicitFileType = wrapper.framework; includeInIndex = 0; path = CircatorKit.framework; sourceTree = BUILT_PRODUCTS_DIR; };
		F42F5B341BE1FD1E00195490 /* CircatorKit.h */ = {isa = PBXFileReference; lastKnownFileType = sourcecode.c.h; path = CircatorKit.h; sourceTree = "<group>"; };
		F42F5B361BE1FD1E00195490 /* Info.plist */ = {isa = PBXFileReference; lastKnownFileType = text.plist.xml; path = Info.plist; sourceTree = "<group>"; };
		F42F5B421BE2048400195490 /* HealthManager.swift */ = {isa = PBXFileReference; fileEncoding = 4; lastKnownFileType = sourcecode.swift; path = HealthManager.swift; sourceTree = "<group>"; };
		F42F5B431BE2048400195490 /* SampleFormatter.swift */ = {isa = PBXFileReference; fileEncoding = 4; lastKnownFileType = sourcecode.swift; path = SampleFormatter.swift; sourceTree = "<group>"; };
		F42F5B441BE2048400195490 /* Theme.swift */ = {isa = PBXFileReference; fileEncoding = 4; lastKnownFileType = sourcecode.swift; path = Theme.swift; sourceTree = "<group>"; };
		F42F5B4C1BE20CDD00195490 /* CircatorWatch.app */ = {isa = PBXFileReference; explicitFileType = wrapper.application; includeInIndex = 0; path = CircatorWatch.app; sourceTree = BUILT_PRODUCTS_DIR; };
		F42F5B4F1BE20CDD00195490 /* Base */ = {isa = PBXFileReference; lastKnownFileType = file.storyboard; name = Base; path = Base.lproj/Interface.storyboard; sourceTree = "<group>"; };
		F42F5B511BE20CDD00195490 /* Assets.xcassets */ = {isa = PBXFileReference; lastKnownFileType = folder.assetcatalog; path = Assets.xcassets; sourceTree = "<group>"; };
		F42F5B531BE20CDD00195490 /* Info.plist */ = {isa = PBXFileReference; lastKnownFileType = text.plist.xml; path = Info.plist; sourceTree = "<group>"; };
		F42F5B581BE20CDD00195490 /* CircatorWatch Extension.appex */ = {isa = PBXFileReference; explicitFileType = "wrapper.app-extension"; includeInIndex = 0; path = "CircatorWatch Extension.appex"; sourceTree = BUILT_PRODUCTS_DIR; };
		F42F5B5E1BE20CDD00195490 /* PushNotificationPayload.apns */ = {isa = PBXFileReference; lastKnownFileType = text; path = PushNotificationPayload.apns; sourceTree = "<group>"; };
		F42F5B5F1BE20CDD00195490 /* InterfaceController.swift */ = {isa = PBXFileReference; lastKnownFileType = sourcecode.swift; path = InterfaceController.swift; sourceTree = "<group>"; };
		F42F5B611BE20CDD00195490 /* ExtensionDelegate.swift */ = {isa = PBXFileReference; lastKnownFileType = sourcecode.swift; path = ExtensionDelegate.swift; sourceTree = "<group>"; };
		F42F5B631BE20CDD00195490 /* NotificationController.swift */ = {isa = PBXFileReference; lastKnownFileType = sourcecode.swift; path = NotificationController.swift; sourceTree = "<group>"; };
		F42F5B651BE20CDD00195490 /* GlanceController.swift */ = {isa = PBXFileReference; lastKnownFileType = sourcecode.swift; path = GlanceController.swift; sourceTree = "<group>"; };
		F42F5B671BE20CDD00195490 /* ComplicationController.swift */ = {isa = PBXFileReference; lastKnownFileType = sourcecode.swift; path = ComplicationController.swift; sourceTree = "<group>"; };
		F42F5B691BE20CDD00195490 /* Assets.xcassets */ = {isa = PBXFileReference; lastKnownFileType = folder.assetcatalog; path = Assets.xcassets; sourceTree = "<group>"; };
		F42F5B6B1BE20CDD00195490 /* Info.plist */ = {isa = PBXFileReference; lastKnownFileType = text.plist.xml; path = Info.plist; sourceTree = "<group>"; };
		F42F5B781BE2292D00195490 /* BioPreviewRow.swift */ = {isa = PBXFileReference; fileEncoding = 4; lastKnownFileType = sourcecode.swift; path = BioPreviewRow.swift; sourceTree = "<group>"; };
		F42F5B7A1BE22AC700195490 /* ConnectivityManager.swift */ = {isa = PBXFileReference; fileEncoding = 4; lastKnownFileType = sourcecode.swift; path = ConnectivityManager.swift; sourceTree = "<group>"; };
		F42F5B941BE2C89200195490 /* CorrelationViewController.swift */ = {isa = PBXFileReference; fileEncoding = 4; lastKnownFileType = sourcecode.swift; path = CorrelationViewController.swift; sourceTree = "<group>"; };
		F43A7C541BBDF25E00B6FA56 /* Images.xcassets */ = {isa = PBXFileReference; lastKnownFileType = folder.assetcatalog; path = Images.xcassets; sourceTree = "<group>"; };
		F43A7C561BBDF29D00B6FA56 /* LaunchScreen.storyboard */ = {isa = PBXFileReference; fileEncoding = 4; lastKnownFileType = file.storyboard; path = LaunchScreen.storyboard; sourceTree = "<group>"; };
		F43A7C5B1BBDF43600B6FA56 /* CollectionViewCell.swift */ = {isa = PBXFileReference; fileEncoding = 4; lastKnownFileType = sourcecode.swift; path = CollectionViewCell.swift; sourceTree = "<group>"; };
		F43A7C5C1BBDF43600B6FA56 /* PlotButton.swift */ = {isa = PBXFileReference; fileEncoding = 4; lastKnownFileType = sourcecode.swift; path = PlotButton.swift; sourceTree = "<group>"; };
		F43A7C601BBDF49D00B6FA56 /* Circator.entitlements */ = {isa = PBXFileReference; lastKnownFileType = text.xml; path = Circator.entitlements; sourceTree = "<group>"; };
		F43A7C671BBE508D00B6FA56 /* IntroCompareDataTableViewCell.swift */ = {isa = PBXFileReference; fileEncoding = 4; lastKnownFileType = sourcecode.swift; path = IntroCompareDataTableViewCell.swift; sourceTree = "<group>"; };
		F44B1A2C1BDAC20D002238E6 /* PlotViewController.swift */ = {isa = PBXFileReference; fileEncoding = 4; lastKnownFileType = sourcecode.swift; path = PlotViewController.swift; sourceTree = "<group>"; };
		F49B2B6C1C7A6206005F2BFB /* RepeatedEventsController.swift */ = {isa = PBXFileReference; fileEncoding = 4; lastKnownFileType = sourcecode.swift; path = RepeatedEventsController.swift; sourceTree = "<group>"; };
		F49B2B6E1C7A71DC005F2BFB /* DaySelectionViewController.swift */ = {isa = PBXFileReference; fileEncoding = 4; lastKnownFileType = sourcecode.swift; path = DaySelectionViewController.swift; sourceTree = "<group>"; };
		F49B2B701C7A83BD005F2BFB /* EventPickerManager.swift */ = {isa = PBXFileReference; fileEncoding = 4; lastKnownFileType = sourcecode.swift; path = EventPickerManager.swift; sourceTree = "<group>"; };
		F4F4DA571C0257130073E9EE /* SettingsViewController.swift */ = {isa = PBXFileReference; fileEncoding = 4; lastKnownFileType = sourcecode.swift; path = SettingsViewController.swift; sourceTree = "<group>"; };
		F4F4DA591C025BE30073E9EE /* PreviewManager.swift */ = {isa = PBXFileReference; fileEncoding = 4; lastKnownFileType = sourcecode.swift; path = PreviewManager.swift; sourceTree = "<group>"; };
		F4F4DA5B1C0271660073E9EE /* RowSettingsViewController.swift */ = {isa = PBXFileReference; fileEncoding = 4; lastKnownFileType = sourcecode.swift; path = RowSettingsViewController.swift; sourceTree = "<group>"; };
/* End PBXFileReference section */

/* Begin PBXFrameworksBuildPhase section */
		7881A3DA1BAF3B3E00ECB3C6 /* Frameworks */ = {
			isa = PBXFrameworksBuildPhase;
			buildActionMask = 2147483647;
			files = (
				F42F5B391BE1FD1E00195490 /* CircatorKit.framework in Frameworks */,
				7859783F1C1BC418008377F9 /* HealthKit.framework in Frameworks */,
				A88F31F3DDADAD50F4190F8E /* Pods.framework in Frameworks */,
			);
			runOnlyForDeploymentPostprocessing = 0;
		};
		7881A3EE1BAF3B3E00ECB3C6 /* Frameworks */ = {
			isa = PBXFrameworksBuildPhase;
			buildActionMask = 2147483647;
			files = (
			);
			runOnlyForDeploymentPostprocessing = 0;
		};
		7881A3F91BAF3B3E00ECB3C6 /* Frameworks */ = {
			isa = PBXFrameworksBuildPhase;
			buildActionMask = 2147483647;
			files = (
			);
			runOnlyForDeploymentPostprocessing = 0;
		};
		F42F5B2E1BE1FD1E00195490 /* Frameworks */ = {
			isa = PBXFrameworksBuildPhase;
			buildActionMask = 2147483647;
			files = (
				78E521A01C25687900FAE56A /* Pods.framework in Frameworks */,
			);
			runOnlyForDeploymentPostprocessing = 0;
		};
		F42F5B551BE20CDD00195490 /* Frameworks */ = {
			isa = PBXFrameworksBuildPhase;
			buildActionMask = 2147483647;
			files = (
			);
			runOnlyForDeploymentPostprocessing = 0;
		};
/* End PBXFrameworksBuildPhase section */

/* Begin PBXGroup section */
		73414D62BFA06625BCA65E9B /* Pods */ = {
			isa = PBXGroup;
			children = (
				4768419D940426F855957056 /* Pods-Circator.debug.xcconfig */,
				8B4A08D995498CDA94BBB258 /* Pods-Circator.release.xcconfig */,
				F28DDB83BE2DA2B65B631537 /* Pods.debug.xcconfig */,
				984776BC6A59A33B4580C535 /* Pods.release.xcconfig */,
			);
			name = Pods;
			sourceTree = "<group>";
		};
		7881A3D41BAF3B3E00ECB3C6 = {
			isa = PBXGroup;
			children = (
				F42F5B331BE1FD1E00195490 /* CircatorKit */,
				7881A3DF1BAF3B3E00ECB3C6 /* Circator */,
				7881A3F41BAF3B3E00ECB3C6 /* CircatorTests */,
				7881A3FF1BAF3B3E00ECB3C6 /* CircatorUITests */,
				F42F5B4D1BE20CDD00195490 /* CircatorWatch */,
				F42F5B5C1BE20CDD00195490 /* CircatorWatch Extension */,
				7881A3DE1BAF3B3E00ECB3C6 /* Products */,
				73414D62BFA06625BCA65E9B /* Pods */,
				EA5EDF2A50FCED6ADBAA03DD /* Frameworks */,
			);
			sourceTree = "<group>";
		};
		7881A3DE1BAF3B3E00ECB3C6 /* Products */ = {
			isa = PBXGroup;
			children = (
				7881A3DD1BAF3B3E00ECB3C6 /* Circator.app */,
				7881A3F11BAF3B3E00ECB3C6 /* CircatorTests.xctest */,
				7881A3FC1BAF3B3E00ECB3C6 /* CircatorUITests.xctest */,
				F42F5B321BE1FD1E00195490 /* CircatorKit.framework */,
				F42F5B4C1BE20CDD00195490 /* CircatorWatch.app */,
				F42F5B581BE20CDD00195490 /* CircatorWatch Extension.appex */,
			);
			name = Products;
			sourceTree = "<group>";
		};
		7881A3DF1BAF3B3E00ECB3C6 /* Circator */ = {
			isa = PBXGroup;
			children = (
				7881A3E01BAF3B3E00ECB3C6 /* AppDelegate.swift */,
				F43A7C591BBDF3D800B6FA56 /* Model */,
				F43A7C5A1BBDF3FD00B6FA56 /* View */,
				F43A7C5F1BBDF43C00B6FA56 /* View Controller */,
				F43A7C581BBDF3BE00B6FA56 /* Supporting Files */,
			);
			path = Circator;
			sourceTree = "<group>";
		};
		7881A3F41BAF3B3E00ECB3C6 /* CircatorTests */ = {
			isa = PBXGroup;
			children = (
				7881A3F51BAF3B3E00ECB3C6 /* CircatorTests.swift */,
				7881A3F71BAF3B3E00ECB3C6 /* Info.plist */,
			);
			path = CircatorTests;
			sourceTree = "<group>";
		};
		7881A3FF1BAF3B3E00ECB3C6 /* CircatorUITests */ = {
			isa = PBXGroup;
			children = (
				7881A4001BAF3B3E00ECB3C6 /* CircatorUITests.swift */,
				7881A4021BAF3B3E00ECB3C6 /* Info.plist */,
			);
			path = CircatorUITests;
			sourceTree = "<group>";
		};
		814299471C963B2C005303D2 /* Events */ = {
			isa = PBXGroup;
			children = (
				814299431C963189005303D2 /* EventItemTableViewCell.swift */,
				814299451C963B15005303D2 /* EventItemView.swift */,
			);
			name = Events;
			sourceTree = "<group>";
		};
		EA5EDF2A50FCED6ADBAA03DD /* Frameworks */ = {
			isa = PBXGroup;
			children = (
				78E5219F1C25687900FAE56A /* Pods.framework */,
				78F9FE3D1C20E48D0026D790 /* Pods_Circator.framework */,
				780211581C20E36B000120CE /* Pods_Circator.framework */,
				780211561C20E33F000120CE /* Pods_Circator.framework */,
				7859783E1C1BC418008377F9 /* HealthKit.framework */,
				06103AD5E3EB4C84C4980CB1 /* Pods_Circator.framework */,
				CB09F654AB4B00C79306C728 /* Pods.framework */,
			);
			name = Frameworks;
			sourceTree = "<group>";
		};
		F42F5B331BE1FD1E00195490 /* CircatorKit */ = {
			isa = PBXGroup;
			children = (
				7848A7DF1C699007003241FF /* BehaviorMonitor.swift */,
				F42F5B341BE1FD1E00195490 /* CircatorKit.h */,
				7863EA9B1C27302B0038DE7A /* ConsentManager.swift */,
				786DF10C1C72AFE0007C2D4C /* Constants.swift */,
				783E53D11C75856200BEBF33 /* DataGenerator.swift */,
				785978401C1BD4F1008377F9 /* EventManager.swift */,
				F42F5B421BE2048400195490 /* HealthManager.swift */,
				78BEAC9D1C5E7EE800F0B541 /* PopulationHealthManager.swift */,
				F4F4DA591C025BE30073E9EE /* PreviewManager.swift */,
				7861300E1C25F42B00F50DB3 /* QueryManager.swift */,
				F42F5B431BE2048400195490 /* SampleFormatter.swift */,
				78398D671C781EF0009653D6 /* ScreenManager.swift */,
				781CF2BE1C6A4781001DF3B2 /* SecureConstants.swift */,
				7843F9111C1FAD9900AB8978 /* ServiceAPI.swift */,
				F42F5B441BE2048400195490 /* Theme.swift */,
				78AC90CB1C1E859F008C931B /* UserAccount.swift */,
				7816FFBA1C1E45D3002E2ED8 /* UserManager.swift */,
				F42F5B361BE1FD1E00195490 /* Info.plist */,
			);
			path = CircatorKit;
			sourceTree = "<group>";
		};
		F42F5B4D1BE20CDD00195490 /* CircatorWatch */ = {
			isa = PBXGroup;
			children = (
				78B279C31C80FFEA005A6249 /* CircatorWatch.entitlements */,
				F42F5B4E1BE20CDD00195490 /* Interface.storyboard */,
				F42F5B511BE20CDD00195490 /* Assets.xcassets */,
				F42F5B531BE20CDD00195490 /* Info.plist */,
			);
			path = CircatorWatch;
			sourceTree = "<group>";
		};
		F42F5B5C1BE20CDD00195490 /* CircatorWatch Extension */ = {
			isa = PBXGroup;
			children = (
				78B279C21C80FFE5005A6249 /* CircatorWatch Extension.entitlements */,
				F42F5B7A1BE22AC700195490 /* ConnectivityManager.swift */,
				F42F5B5F1BE20CDD00195490 /* InterfaceController.swift */,
				F42F5B781BE2292D00195490 /* BioPreviewRow.swift */,
				F42F5B611BE20CDD00195490 /* ExtensionDelegate.swift */,
				F42F5B631BE20CDD00195490 /* NotificationController.swift */,
				F42F5B651BE20CDD00195490 /* GlanceController.swift */,
				F42F5B671BE20CDD00195490 /* ComplicationController.swift */,
				F42F5B691BE20CDD00195490 /* Assets.xcassets */,
				F42F5B6B1BE20CDD00195490 /* Info.plist */,
				F42F5B5D1BE20CDD00195490 /* Supporting Files */,
			);
			path = "CircatorWatch Extension";
			sourceTree = "<group>";
		};
		F42F5B5D1BE20CDD00195490 /* Supporting Files */ = {
			isa = PBXGroup;
			children = (
				F42F5B5E1BE20CDD00195490 /* PushNotificationPayload.apns */,
			);
			name = "Supporting Files";
			sourceTree = "<group>";
		};
		F43A7C581BBDF3BE00B6FA56 /* Supporting Files */ = {
			isa = PBXGroup;
			children = (
				F43A7C601BBDF49D00B6FA56 /* Circator.entitlements */,
				F43A7C561BBDF29D00B6FA56 /* LaunchScreen.storyboard */,
				F43A7C541BBDF25E00B6FA56 /* Images.xcassets */,
				781EE1231BAF3F6B00E6DDA1 /* Podfile */,
				781EE1241BAF3F6B00E6DDA1 /* README.md */,
				7881A3EC1BAF3B3E00ECB3C6 /* Info.plist */,
			);
			name = "Supporting Files";
			sourceTree = "<group>";
		};
		F43A7C591BBDF3D800B6FA56 /* Model */ = {
			isa = PBXGroup;
			children = (
				F42F5ADC1BDC85AF00195490 /* SampleDataAnalyzer.swift */,
				F49B2B701C7A83BD005F2BFB /* EventPickerManager.swift */,
			);
			path = Model;
			sourceTree = "<group>";
		};
		F43A7C5A1BBDF3FD00B6FA56 /* View */ = {
			isa = PBXGroup;
			children = (
				F43A7C5B1BBDF43600B6FA56 /* CollectionViewCell.swift */,
				F43A7C5C1BBDF43600B6FA56 /* PlotButton.swift */,
				F43A7C671BBE508D00B6FA56 /* IntroCompareDataTableViewCell.swift */,
				7816FFB81C1E2DC5002E2ED8 /* TextInputTableViewCell.swift */,
				814299471C963B2C005303D2 /* Events */,
			);
			path = View;
			sourceTree = "<group>";
		};
		F43A7C5F1BBDF43C00B6FA56 /* View Controller */ = {
			isa = PBXGroup;
			children = (
				7881A3E21BAF3B3E00ECB3C6 /* IntroViewController.swift */,
				7886EADE1C22AC2A00D7E3D4 /* LoginViewController.swift */,
				78DA2D731C28ED2A005CC2DB /* RegisterViewController.swift */,
				786817601C6CF37D0018ABB5 /* ProfileSubviewController.swift */,
				F4F4DA571C0257130073E9EE /* SettingsViewController.swift */,
				F49B2B6C1C7A6206005F2BFB /* RepeatedEventsController.swift */,
				F49B2B6E1C7A71DC005F2BFB /* DaySelectionViewController.swift */,
				F4F4DA5B1C0271660073E9EE /* RowSettingsViewController.swift */,
				7861300C1C25E05600F50DB3 /* QueryViewController.swift */,
				78F65A4C1C25126E0074449D /* QueryBuilderViewController.swift */,
				7863EA9D1C27332C0038DE7A /* QueryWriterViewController.swift */,
				78CE00AC1C65CC5A005E955C /* RadarViewController.swift */,
				781CF2C01C6A6A36001DF3B2 /* EventTimeViewController.swift */,
				F44B1A2C1BDAC20D002238E6 /* PlotViewController.swift */,
				F42F5B941BE2C89200195490 /* CorrelationViewController.swift */,
				7860E9121C61C470004C9741 /* DebugViewController.swift */,
				7884E8E71C5F0804000261EE /* UINotifications.swift */,
				7840A4981C6E53A80005B66F /* VariantViewController.swift */,
				7840A49A1C6E5A680005B66F /* ErrorViewController.swift */,
				81CCD8141C8142AE005299AA /* DefaultEventPeriodSelectorViewController.swift */,
				8142AC851C95D64200B36C14 /* RepeatedEventsListViewController.swift */,
			);
			path = "View Controller";
			sourceTree = "<group>";
		};
/* End PBXGroup section */

/* Begin PBXHeadersBuildPhase section */
		F42F5B2F1BE1FD1E00195490 /* Headers */ = {
			isa = PBXHeadersBuildPhase;
			buildActionMask = 2147483647;
			files = (
				F42F5B351BE1FD1E00195490 /* CircatorKit.h in Headers */,
			);
			runOnlyForDeploymentPostprocessing = 0;
		};
/* End PBXHeadersBuildPhase section */

/* Begin PBXNativeTarget section */
		7881A3DC1BAF3B3E00ECB3C6 /* Circator */ = {
			isa = PBXNativeTarget;
			buildConfigurationList = 7881A4051BAF3B3E00ECB3C6 /* Build configuration list for PBXNativeTarget "Circator" */;
			buildPhases = (
				FB9F9E2C08236B1B27F2789E /* Check Pods Manifest.lock */,
				7881A3D91BAF3B3E00ECB3C6 /* Sources */,
				7881A3DA1BAF3B3E00ECB3C6 /* Frameworks */,
				7881A3DB1BAF3B3E00ECB3C6 /* Resources */,
				A01C396C44B6977D7FFF92D5 /* Embed Pods Frameworks */,
				8D97F58FF847A9E09D7ACDED /* Copy Pods Resources */,
				F42F5B2C1BE1FCAF00195490 /* Embed Watch Content */,
				F42F5B3E1BE1FD1F00195490 /* Embed Frameworks */,
				784F60361C66C8CA0040F11B /* ShellScript */,
			);
			buildRules = (
			);
			dependencies = (
				F42F5B381BE1FD1E00195490 /* PBXTargetDependency */,
				F42F5B6D1BE20CDD00195490 /* PBXTargetDependency */,
			);
			name = Circator;
			productName = Circator;
			productReference = 7881A3DD1BAF3B3E00ECB3C6 /* Circator.app */;
			productType = "com.apple.product-type.application";
		};
		7881A3F01BAF3B3E00ECB3C6 /* CircatorTests */ = {
			isa = PBXNativeTarget;
			buildConfigurationList = 7881A4081BAF3B3E00ECB3C6 /* Build configuration list for PBXNativeTarget "CircatorTests" */;
			buildPhases = (
				7881A3ED1BAF3B3E00ECB3C6 /* Sources */,
				7881A3EE1BAF3B3E00ECB3C6 /* Frameworks */,
				7881A3EF1BAF3B3E00ECB3C6 /* Resources */,
			);
			buildRules = (
			);
			dependencies = (
				7881A3F31BAF3B3E00ECB3C6 /* PBXTargetDependency */,
			);
			name = CircatorTests;
			productName = CircatorTests;
			productReference = 7881A3F11BAF3B3E00ECB3C6 /* CircatorTests.xctest */;
			productType = "com.apple.product-type.bundle.unit-test";
		};
		7881A3FB1BAF3B3E00ECB3C6 /* CircatorUITests */ = {
			isa = PBXNativeTarget;
			buildConfigurationList = 7881A40B1BAF3B3E00ECB3C6 /* Build configuration list for PBXNativeTarget "CircatorUITests" */;
			buildPhases = (
				7881A3F81BAF3B3E00ECB3C6 /* Sources */,
				7881A3F91BAF3B3E00ECB3C6 /* Frameworks */,
				7881A3FA1BAF3B3E00ECB3C6 /* Resources */,
			);
			buildRules = (
			);
			dependencies = (
				7881A3FE1BAF3B3E00ECB3C6 /* PBXTargetDependency */,
			);
			name = CircatorUITests;
			productName = CircatorUITests;
			productReference = 7881A3FC1BAF3B3E00ECB3C6 /* CircatorUITests.xctest */;
			productType = "com.apple.product-type.bundle.ui-testing";
		};
		F42F5B311BE1FD1E00195490 /* CircatorKit */ = {
			isa = PBXNativeTarget;
			buildConfigurationList = F42F5B3B1BE1FD1F00195490 /* Build configuration list for PBXNativeTarget "CircatorKit" */;
			buildPhases = (
				DCD71BE966EB36944274F9EA /* Check Pods Manifest.lock */,
				F42F5B2D1BE1FD1E00195490 /* Sources */,
				F42F5B2E1BE1FD1E00195490 /* Frameworks */,
				F42F5B2F1BE1FD1E00195490 /* Headers */,
				F42F5B301BE1FD1E00195490 /* Resources */,
				155EF693A3CB475595C074A3 /* Copy Pods Resources */,
			);
			buildRules = (
			);
			dependencies = (
			);
			name = CircatorKit;
			productName = CircatorKit;
			productReference = F42F5B321BE1FD1E00195490 /* CircatorKit.framework */;
			productType = "com.apple.product-type.framework";
		};
		F42F5B4B1BE20CDD00195490 /* CircatorWatch */ = {
			isa = PBXNativeTarget;
			buildConfigurationList = F42F5B731BE20CDD00195490 /* Build configuration list for PBXNativeTarget "CircatorWatch" */;
			buildPhases = (
				F42F5B4A1BE20CDD00195490 /* Resources */,
				F42F5B721BE20CDD00195490 /* Embed App Extensions */,
			);
			buildRules = (
			);
			dependencies = (
				F42F5B5B1BE20CDD00195490 /* PBXTargetDependency */,
			);
			name = CircatorWatch;
			productName = CircatorWatch;
			productReference = F42F5B4C1BE20CDD00195490 /* CircatorWatch.app */;
			productType = "com.apple.product-type.application.watchapp2";
		};
		F42F5B571BE20CDD00195490 /* CircatorWatch Extension */ = {
			isa = PBXNativeTarget;
			buildConfigurationList = F42F5B6F1BE20CDD00195490 /* Build configuration list for PBXNativeTarget "CircatorWatch Extension" */;
			buildPhases = (
				F42F5B541BE20CDD00195490 /* Sources */,
				F42F5B551BE20CDD00195490 /* Frameworks */,
				F42F5B561BE20CDD00195490 /* Resources */,
				F42F5B931BE22EA900195490 /* Embed Frameworks */,
			);
			buildRules = (
			);
			dependencies = (
			);
			name = "CircatorWatch Extension";
			productName = "CircatorWatch Extension";
			productReference = F42F5B581BE20CDD00195490 /* CircatorWatch Extension.appex */;
			productType = "com.apple.product-type.watchkit2-extension";
		};
/* End PBXNativeTarget section */

/* Begin PBXProject section */
		7881A3D51BAF3B3E00ECB3C6 /* Project object */ = {
			isa = PBXProject;
			attributes = {
				LastSwiftUpdateCheck = 0710;
				LastUpgradeCheck = 0720;
				ORGANIZATIONNAME = "Yanif Ahmad, Tom Woolf";
				TargetAttributes = {
					7881A3DC1BAF3B3E00ECB3C6 = {
						CreatedOnToolsVersion = 7.0;
						DevelopmentTeam = E4SL9A9Z96;
						SystemCapabilities = {
							com.apple.ApplicationGroups.iOS = {
								enabled = 1;
							};
							com.apple.HealthKit = {
								enabled = 1;
							};
						};
					};
					7881A3F01BAF3B3E00ECB3C6 = {
						CreatedOnToolsVersion = 7.0;
						TestTargetID = 7881A3DC1BAF3B3E00ECB3C6;
					};
					7881A3FB1BAF3B3E00ECB3C6 = {
						CreatedOnToolsVersion = 7.0;
						TestTargetID = 7881A3DC1BAF3B3E00ECB3C6;
					};
					F42F5B311BE1FD1E00195490 = {
						CreatedOnToolsVersion = 7.1;
						DevelopmentTeam = E4SL9A9Z96;
					};
					F42F5B4B1BE20CDD00195490 = {
						CreatedOnToolsVersion = 7.1;
						DevelopmentTeam = E4SL9A9Z96;
						SystemCapabilities = {
							com.apple.ApplicationGroups.iOS = {
								enabled = 1;
							};
						};
					};
					F42F5B571BE20CDD00195490 = {
						CreatedOnToolsVersion = 7.1;
						DevelopmentTeam = E4SL9A9Z96;
						SystemCapabilities = {
							com.apple.ApplicationGroups.iOS = {
								enabled = 1;
							};
						};
					};
				};
			};
			buildConfigurationList = 7881A3D81BAF3B3E00ECB3C6 /* Build configuration list for PBXProject "Circator" */;
			compatibilityVersion = "Xcode 3.2";
			developmentRegion = English;
			hasScannedForEncodings = 0;
			knownRegions = (
				en,
				Base,
			);
			mainGroup = 7881A3D41BAF3B3E00ECB3C6;
			productRefGroup = 7881A3DE1BAF3B3E00ECB3C6 /* Products */;
			projectDirPath = "";
			projectRoot = "";
			targets = (
				F42F5B311BE1FD1E00195490 /* CircatorKit */,
				7881A3DC1BAF3B3E00ECB3C6 /* Circator */,
				7881A3F01BAF3B3E00ECB3C6 /* CircatorTests */,
				7881A3FB1BAF3B3E00ECB3C6 /* CircatorUITests */,
				F42F5B4B1BE20CDD00195490 /* CircatorWatch */,
				F42F5B571BE20CDD00195490 /* CircatorWatch Extension */,
			);
		};
/* End PBXProject section */

/* Begin PBXResourcesBuildPhase section */
		7881A3DB1BAF3B3E00ECB3C6 /* Resources */ = {
			isa = PBXResourcesBuildPhase;
			buildActionMask = 2147483647;
			files = (
				F43A7C571BBDF29D00B6FA56 /* LaunchScreen.storyboard in Resources */,
				F43A7C551BBDF25E00B6FA56 /* Images.xcassets in Resources */,
			);
			runOnlyForDeploymentPostprocessing = 0;
		};
		7881A3EF1BAF3B3E00ECB3C6 /* Resources */ = {
			isa = PBXResourcesBuildPhase;
			buildActionMask = 2147483647;
			files = (
			);
			runOnlyForDeploymentPostprocessing = 0;
		};
		7881A3FA1BAF3B3E00ECB3C6 /* Resources */ = {
			isa = PBXResourcesBuildPhase;
			buildActionMask = 2147483647;
			files = (
			);
			runOnlyForDeploymentPostprocessing = 0;
		};
		F42F5B301BE1FD1E00195490 /* Resources */ = {
			isa = PBXResourcesBuildPhase;
			buildActionMask = 2147483647;
			files = (
			);
			runOnlyForDeploymentPostprocessing = 0;
		};
		F42F5B4A1BE20CDD00195490 /* Resources */ = {
			isa = PBXResourcesBuildPhase;
			buildActionMask = 2147483647;
			files = (
				F42F5B521BE20CDD00195490 /* Assets.xcassets in Resources */,
				F42F5B501BE20CDD00195490 /* Interface.storyboard in Resources */,
			);
			runOnlyForDeploymentPostprocessing = 0;
		};
		F42F5B561BE20CDD00195490 /* Resources */ = {
			isa = PBXResourcesBuildPhase;
			buildActionMask = 2147483647;
			files = (
				F42F5B6A1BE20CDD00195490 /* Assets.xcassets in Resources */,
			);
			runOnlyForDeploymentPostprocessing = 0;
		};
/* End PBXResourcesBuildPhase section */

/* Begin PBXShellScriptBuildPhase section */
		155EF693A3CB475595C074A3 /* Copy Pods Resources */ = {
			isa = PBXShellScriptBuildPhase;
			buildActionMask = 2147483647;
			files = (
			);
			inputPaths = (
			);
			name = "Copy Pods Resources";
			outputPaths = (
			);
			runOnlyForDeploymentPostprocessing = 0;
			shellPath = /bin/sh;
			shellScript = "\"${SRCROOT}/Pods/Target Support Files/Pods/Pods-resources.sh\"\n";
			showEnvVarsInLog = 0;
		};
		784F60361C66C8CA0040F11B /* ShellScript */ = {
			isa = PBXShellScriptBuildPhase;
			buildActionMask = 2147483647;
			files = (
			);
			inputPaths = (
			);
			outputPaths = (
			);
			runOnlyForDeploymentPostprocessing = 0;
			shellPath = /bin/sh;
			shellScript = "\"${PODS_ROOT}/Fabric/run\" 9c8fe07d2ebf5808e873bbb23fe7a6c8ef76a22e 0608fae6f747cbbb131bca692ade699829f49ad28507a7c04fd0a3fa82ceaa49";
		};
		8D97F58FF847A9E09D7ACDED /* Copy Pods Resources */ = {
			isa = PBXShellScriptBuildPhase;
			buildActionMask = 2147483647;
			files = (
			);
			inputPaths = (
			);
			name = "Copy Pods Resources";
			outputPaths = (
			);
			runOnlyForDeploymentPostprocessing = 0;
			shellPath = /bin/sh;
			shellScript = "\"${SRCROOT}/Pods/Target Support Files/Pods/Pods-resources.sh\"\n";
			showEnvVarsInLog = 0;
		};
		A01C396C44B6977D7FFF92D5 /* Embed Pods Frameworks */ = {
			isa = PBXShellScriptBuildPhase;
			buildActionMask = 2147483647;
			files = (
			);
			inputPaths = (
			);
			name = "Embed Pods Frameworks";
			outputPaths = (
			);
			runOnlyForDeploymentPostprocessing = 0;
			shellPath = /bin/sh;
			shellScript = "\"${SRCROOT}/Pods/Target Support Files/Pods/Pods-frameworks.sh\"\n";
			showEnvVarsInLog = 0;
		};
		DCD71BE966EB36944274F9EA /* Check Pods Manifest.lock */ = {
			isa = PBXShellScriptBuildPhase;
			buildActionMask = 2147483647;
			files = (
			);
			inputPaths = (
			);
			name = "Check Pods Manifest.lock";
			outputPaths = (
			);
			runOnlyForDeploymentPostprocessing = 0;
			shellPath = /bin/sh;
			shellScript = "diff \"${PODS_ROOT}/../Podfile.lock\" \"${PODS_ROOT}/Manifest.lock\" > /dev/null\nif [[ $? != 0 ]] ; then\n    cat << EOM\nerror: The sandbox is not in sync with the Podfile.lock. Run 'pod install' or update your CocoaPods installation.\nEOM\n    exit 1\nfi\n";
			showEnvVarsInLog = 0;
		};
		FB9F9E2C08236B1B27F2789E /* Check Pods Manifest.lock */ = {
			isa = PBXShellScriptBuildPhase;
			buildActionMask = 2147483647;
			files = (
			);
			inputPaths = (
			);
			name = "Check Pods Manifest.lock";
			outputPaths = (
			);
			runOnlyForDeploymentPostprocessing = 0;
			shellPath = /bin/sh;
			shellScript = "diff \"${PODS_ROOT}/../Podfile.lock\" \"${PODS_ROOT}/Manifest.lock\" > /dev/null\nif [[ $? != 0 ]] ; then\n    cat << EOM\nerror: The sandbox is not in sync with the Podfile.lock. Run 'pod install' or update your CocoaPods installation.\nEOM\n    exit 1\nfi\n";
			showEnvVarsInLog = 0;
		};
/* End PBXShellScriptBuildPhase section */

/* Begin PBXSourcesBuildPhase section */
		7881A3D91BAF3B3E00ECB3C6 /* Sources */ = {
			isa = PBXSourcesBuildPhase;
			buildActionMask = 2147483647;
			files = (
				F49B2B711C7A83BD005F2BFB /* EventPickerManager.swift in Sources */,
				7840A4991C6E53A80005B66F /* VariantViewController.swift in Sources */,
				7860E9131C61C470004C9741 /* DebugViewController.swift in Sources */,
				F43A7C5D1BBDF43600B6FA56 /* CollectionViewCell.swift in Sources */,
				7863EA9E1C27332C0038DE7A /* QueryWriterViewController.swift in Sources */,
				7881A3E31BAF3B3E00ECB3C6 /* IntroViewController.swift in Sources */,
				781CF2C11C6A6A36001DF3B2 /* EventTimeViewController.swift in Sources */,
				F4F4DA581C0257130073E9EE /* SettingsViewController.swift in Sources */,
				F43A7C5E1BBDF43600B6FA56 /* PlotButton.swift in Sources */,
				F49B2B6F1C7A71DC005F2BFB /* DaySelectionViewController.swift in Sources */,
				F49B2B6D1C7A6206005F2BFB /* RepeatedEventsController.swift in Sources */,
				F42F5B951BE2C89200195490 /* CorrelationViewController.swift in Sources */,
				814299461C963B15005303D2 /* EventItemView.swift in Sources */,
				7816FFB91C1E2DC5002E2ED8 /* TextInputTableViewCell.swift in Sources */,
				F42F5ADD1BDC85AF00195490 /* SampleDataAnalyzer.swift in Sources */,
				78CE00AD1C65CC5A005E955C /* RadarViewController.swift in Sources */,
				78F65A4D1C25126E0074449D /* QueryBuilderViewController.swift in Sources */,
				78DA2D741C28ED2A005CC2DB /* RegisterViewController.swift in Sources */,
				7881A3E11BAF3B3E00ECB3C6 /* AppDelegate.swift in Sources */,
				7840A49B1C6E5A680005B66F /* ErrorViewController.swift in Sources */,
				8142AC861C95D64200B36C14 /* RepeatedEventsListViewController.swift in Sources */,
				81CCD8151C8142AE005299AA /* DefaultEventPeriodSelectorViewController.swift in Sources */,
				7861300D1C25E05600F50DB3 /* QueryViewController.swift in Sources */,
				814299441C963189005303D2 /* EventItemTableViewCell.swift in Sources */,
				F4F4DA5C1C0271660073E9EE /* RowSettingsViewController.swift in Sources */,
				7886EADF1C22AC2A00D7E3D4 /* LoginViewController.swift in Sources */,
				F44B1A2D1BDAC20D002238E6 /* PlotViewController.swift in Sources */,
				F43A7C681BBE508D00B6FA56 /* IntroCompareDataTableViewCell.swift in Sources */,
				786817611C6CF37D0018ABB5 /* ProfileSubviewController.swift in Sources */,
				7884E8E81C5F0804000261EE /* UINotifications.swift in Sources */,
			);
			runOnlyForDeploymentPostprocessing = 0;
		};
		7881A3ED1BAF3B3E00ECB3C6 /* Sources */ = {
			isa = PBXSourcesBuildPhase;
			buildActionMask = 2147483647;
			files = (
				7881A3F61BAF3B3E00ECB3C6 /* CircatorTests.swift in Sources */,
			);
			runOnlyForDeploymentPostprocessing = 0;
		};
		7881A3F81BAF3B3E00ECB3C6 /* Sources */ = {
			isa = PBXSourcesBuildPhase;
			buildActionMask = 2147483647;
			files = (
				7881A4011BAF3B3E00ECB3C6 /* CircatorUITests.swift in Sources */,
			);
			runOnlyForDeploymentPostprocessing = 0;
		};
		F42F5B2D1BE1FD1E00195490 /* Sources */ = {
			isa = PBXSourcesBuildPhase;
			buildActionMask = 2147483647;
			files = (
				78BEAC9E1C5E7EE800F0B541 /* PopulationHealthManager.swift in Sources */,
				7816FFBB1C1E45D3002E2ED8 /* UserManager.swift in Sources */,
				785978411C1BD4F1008377F9 /* EventManager.swift in Sources */,
				F4F4DA5A1C025BE30073E9EE /* PreviewManager.swift in Sources */,
				F42F5B471BE2048400195490 /* Theme.swift in Sources */,
				F42F5B461BE2048400195490 /* SampleFormatter.swift in Sources */,
				7861300F1C25F42B00F50DB3 /* QueryManager.swift in Sources */,
				F42F5B451BE2048400195490 /* HealthManager.swift in Sources */,
				7848A7E01C699007003241FF /* BehaviorMonitor.swift in Sources */,
				78398D681C781EF0009653D6 /* ScreenManager.swift in Sources */,
				783E53D21C75856200BEBF33 /* DataGenerator.swift in Sources */,
				7843F9121C1FAD9900AB8978 /* ServiceAPI.swift in Sources */,
				781CF2BF1C6A4781001DF3B2 /* SecureConstants.swift in Sources */,
				786DF10D1C72AFE0007C2D4C /* Constants.swift in Sources */,
				7863EA9C1C27302B0038DE7A /* ConsentManager.swift in Sources */,
				78AC90CC1C1E859F008C931B /* UserAccount.swift in Sources */,
			);
			runOnlyForDeploymentPostprocessing = 0;
		};
		F42F5B541BE20CDD00195490 /* Sources */ = {
			isa = PBXSourcesBuildPhase;
			buildActionMask = 2147483647;
			files = (
				F42F5B641BE20CDD00195490 /* NotificationController.swift in Sources */,
				F42F5B621BE20CDD00195490 /* ExtensionDelegate.swift in Sources */,
				F42F5B681BE20CDD00195490 /* ComplicationController.swift in Sources */,
				F42F5B601BE20CDD00195490 /* InterfaceController.swift in Sources */,
				F42F5B791BE2292D00195490 /* BioPreviewRow.swift in Sources */,
				F42F5B661BE20CDD00195490 /* GlanceController.swift in Sources */,
				F42F5B7B1BE22AC700195490 /* ConnectivityManager.swift in Sources */,
			);
			runOnlyForDeploymentPostprocessing = 0;
		};
/* End PBXSourcesBuildPhase section */

/* Begin PBXTargetDependency section */
		7881A3F31BAF3B3E00ECB3C6 /* PBXTargetDependency */ = {
			isa = PBXTargetDependency;
			target = 7881A3DC1BAF3B3E00ECB3C6 /* Circator */;
			targetProxy = 7881A3F21BAF3B3E00ECB3C6 /* PBXContainerItemProxy */;
		};
		7881A3FE1BAF3B3E00ECB3C6 /* PBXTargetDependency */ = {
			isa = PBXTargetDependency;
			target = 7881A3DC1BAF3B3E00ECB3C6 /* Circator */;
			targetProxy = 7881A3FD1BAF3B3E00ECB3C6 /* PBXContainerItemProxy */;
		};
		F42F5B381BE1FD1E00195490 /* PBXTargetDependency */ = {
			isa = PBXTargetDependency;
			target = F42F5B311BE1FD1E00195490 /* CircatorKit */;
			targetProxy = F42F5B371BE1FD1E00195490 /* PBXContainerItemProxy */;
		};
		F42F5B5B1BE20CDD00195490 /* PBXTargetDependency */ = {
			isa = PBXTargetDependency;
			target = F42F5B571BE20CDD00195490 /* CircatorWatch Extension */;
			targetProxy = F42F5B5A1BE20CDD00195490 /* PBXContainerItemProxy */;
		};
		F42F5B6D1BE20CDD00195490 /* PBXTargetDependency */ = {
			isa = PBXTargetDependency;
			target = F42F5B4B1BE20CDD00195490 /* CircatorWatch */;
			targetProxy = F42F5B6C1BE20CDD00195490 /* PBXContainerItemProxy */;
		};
/* End PBXTargetDependency section */

/* Begin PBXVariantGroup section */
		F42F5B4E1BE20CDD00195490 /* Interface.storyboard */ = {
			isa = PBXVariantGroup;
			children = (
				F42F5B4F1BE20CDD00195490 /* Base */,
			);
			name = Interface.storyboard;
			sourceTree = "<group>";
		};
/* End PBXVariantGroup section */

/* Begin XCBuildConfiguration section */
		786130051C25D7BC00F50DB3 /* Debug */ = {
			isa = XCBuildConfiguration;
			buildSettings = {
				ALWAYS_SEARCH_USER_PATHS = NO;
				CLANG_CXX_LANGUAGE_STANDARD = "gnu++0x";
				CLANG_CXX_LIBRARY = "libc++";
				CLANG_ENABLE_MODULES = YES;
				CLANG_ENABLE_OBJC_ARC = YES;
				CLANG_WARN_BOOL_CONVERSION = YES;
				CLANG_WARN_CONSTANT_CONVERSION = YES;
				CLANG_WARN_DIRECT_OBJC_ISA_USAGE = YES_ERROR;
				CLANG_WARN_EMPTY_BODY = YES;
				CLANG_WARN_ENUM_CONVERSION = YES;
				CLANG_WARN_INT_CONVERSION = YES;
				CLANG_WARN_OBJC_ROOT_CLASS = YES_ERROR;
				CLANG_WARN_UNREACHABLE_CODE = YES;
				CLANG_WARN__DUPLICATE_METHOD_MATCH = YES;
				CODE_SIGN_IDENTITY = "";
				"CODE_SIGN_IDENTITY[sdk=iphoneos*]" = "";
				COPY_PHASE_STRIP = NO;
				DEBUG_INFORMATION_FORMAT = "dwarf-with-dsym";
				DEFINES_MODULE = YES;
				ENABLE_NS_ASSERTIONS = NO;
				ENABLE_STRICT_OBJC_MSGSEND = YES;
				ENABLE_TESTABILITY = YES;
				GCC_C_LANGUAGE_STANDARD = gnu99;
				GCC_NO_COMMON_BLOCKS = YES;
				GCC_WARN_64_TO_32_BIT_CONVERSION = YES;
				GCC_WARN_ABOUT_RETURN_TYPE = YES_ERROR;
				GCC_WARN_UNDECLARED_SELECTOR = YES;
				GCC_WARN_UNINITIALIZED_AUTOS = YES_AGGRESSIVE;
				GCC_WARN_UNUSED_FUNCTION = YES;
				GCC_WARN_UNUSED_VARIABLE = YES;
				IPHONEOS_DEPLOYMENT_TARGET = 9.0;
				MTL_ENABLE_DEBUG_INFO = NO;
				ONLY_ACTIVE_ARCH = YES;
				PROVISIONING_PROFILE = "a298100e-6755-4975-b375-bda25a0d93d1";
				SDKROOT = iphoneos;
				TARGETED_DEVICE_FAMILY = "1,2";
				VALIDATE_PRODUCT = YES;
			};
			name = Debug;
		};
		786130061C25D7BC00F50DB3 /* Debug */ = {
			isa = XCBuildConfiguration;
			baseConfigurationReference = F28DDB83BE2DA2B65B631537 /* Pods.debug.xcconfig */;
			buildSettings = {
				CLANG_ENABLE_MODULES = YES;
				CODE_SIGN_IDENTITY = "";
				"CODE_SIGN_IDENTITY[sdk=iphoneos*]" = "";
				CURRENT_PROJECT_VERSION = 23;
				DEFINES_MODULE = YES;
				DYLIB_COMPATIBILITY_VERSION = 1;
				DYLIB_CURRENT_VERSION = 23;
				DYLIB_INSTALL_NAME_BASE = "@rpath";
				EMBEDDED_CONTENT_CONTAINS_SWIFT = NO;
				FRAMEWORK_SEARCH_PATHS = "$(inherited)";
				GCC_PREFIX_HEADER = "Target Support Files/Granola/Granola-prefix.pch";
				INFOPLIST_FILE = CircatorKit/Info.plist;
				INSTALL_PATH = "$(LOCAL_LIBRARY_DIR)/Frameworks";
				IPHONEOS_DEPLOYMENT_TARGET = 9.0;
				LD_RUNPATH_SEARCH_PATHS = "$(inherited) @executable_path/Frameworks @loader_path/Frameworks";
				PRODUCT_BUNDLE_IDENTIFIER = edu.jhu.cs.damsl.Circator.kit;
				PRODUCT_NAME = "$(TARGET_NAME)";
				PROVISIONING_PROFILE = "c1291592-2bbc-435d-83e9-11b642679656";
				SKIP_INSTALL = YES;
				TARGETED_DEVICE_FAMILY = 1;
				VERSIONING_SYSTEM = "apple-generic";
				VERSION_INFO_PREFIX = "";
			};
			name = Debug;
		};
		786130071C25D7BC00F50DB3 /* Debug */ = {
			isa = XCBuildConfiguration;
			baseConfigurationReference = F28DDB83BE2DA2B65B631537 /* Pods.debug.xcconfig */;
			buildSettings = {
				ASSETCATALOG_COMPILER_APPICON_NAME = AppIcon;
				CODE_SIGN_ENTITLEMENTS = Circator/Circator.entitlements;
				CODE_SIGN_IDENTITY = "";
				"CODE_SIGN_IDENTITY[sdk=iphoneos*]" = "";
				EMBEDDED_CONTENT_CONTAINS_SWIFT = "$(inherited)";
				FRAMEWORK_SEARCH_PATHS = "$(inherited)";
				GCC_OPTIMIZATION_LEVEL = s;
				INFOPLIST_FILE = Circator/Info.plist;
				IPHONEOS_DEPLOYMENT_TARGET = 9.0;
				LD_RUNPATH_SEARCH_PATHS = "$(inherited) @executable_path/Frameworks";
				PRODUCT_BUNDLE_IDENTIFIER = edu.jhu.cs.damsl.Circator.app;
				PRODUCT_NAME = "$(TARGET_NAME)";
				PROVISIONING_PROFILE = "a298100e-6755-4975-b375-bda25a0d93d1";
				SWIFT_OPTIMIZATION_LEVEL = "-O";
				TARGETED_DEVICE_FAMILY = 1;
			};
			name = Debug;
		};
		786130081C25D7BC00F50DB3 /* Debug */ = {
			isa = XCBuildConfiguration;
			buildSettings = {
				BUNDLE_LOADER = "$(TEST_HOST)";
				EMBEDDED_CONTENT_CONTAINS_SWIFT = "$(inherited)";
				INFOPLIST_FILE = CircatorTests/Info.plist;
				IPHONEOS_DEPLOYMENT_TARGET = 9.0;
				LD_RUNPATH_SEARCH_PATHS = "$(inherited) @executable_path/Frameworks @loader_path/Frameworks";
				PRODUCT_BUNDLE_IDENTIFIER = edu.jhu.cs.damsl.CircatorTests;
				PRODUCT_NAME = "$(TARGET_NAME)";
				TEST_HOST = "$(BUILT_PRODUCTS_DIR)/Circator.app/Circator";
			};
			name = Debug;
		};
		786130091C25D7BC00F50DB3 /* Debug */ = {
			isa = XCBuildConfiguration;
			buildSettings = {
				EMBEDDED_CONTENT_CONTAINS_SWIFT = "$(inherited)";
				INFOPLIST_FILE = CircatorUITests/Info.plist;
				IPHONEOS_DEPLOYMENT_TARGET = 9.0;
				LD_RUNPATH_SEARCH_PATHS = "$(inherited) @executable_path/Frameworks @loader_path/Frameworks";
				PRODUCT_BUNDLE_IDENTIFIER = edu.jhu.cs.damsl.CircatorUITests;
				PRODUCT_NAME = "$(TARGET_NAME)";
				TEST_TARGET_NAME = Circator;
				USES_XCTRUNNER = YES;
			};
			name = Debug;
		};
		7861300A1C25D7BC00F50DB3 /* Debug */ = {
			isa = XCBuildConfiguration;
			buildSettings = {
				ASSETCATALOG_COMPILER_APPICON_NAME = WatchAppIcon;
				CODE_SIGN_ENTITLEMENTS = CircatorWatch/CircatorWatch.entitlements;
				CODE_SIGN_IDENTITY = "";
				"CODE_SIGN_IDENTITY[sdk=iphoneos*]" = "";
				"CODE_SIGN_IDENTITY[sdk=watchos*]" = "";
				EMBEDDED_CONTENT_CONTAINS_SWIFT = "$(inherited)";
				IBSC_MODULE = CircatorWatch_Extension;
				INFOPLIST_FILE = CircatorWatch/Info.plist;
				PRODUCT_BUNDLE_IDENTIFIER = edu.jhu.cs.damsl.Circator.app.watch;
				PRODUCT_NAME = "$(TARGET_NAME)";
				PROVISIONING_PROFILE = "cb4029e2-79c7-40f6-89c7-65af9ef4b430";
				SDKROOT = watchos;
				SKIP_INSTALL = YES;
				TARGETED_DEVICE_FAMILY = 4;
				WATCHOS_DEPLOYMENT_TARGET = 2.0;
			};
			name = Debug;
		};
		7861300B1C25D7BC00F50DB3 /* Debug */ = {
			isa = XCBuildConfiguration;
			buildSettings = {
				ASSETCATALOG_COMPILER_COMPLICATION_NAME = Complication;
				CODE_SIGN_ENTITLEMENTS = "CircatorWatch Extension/CircatorWatch Extension.entitlements";
				CODE_SIGN_IDENTITY = "";
				"CODE_SIGN_IDENTITY[sdk=iphoneos*]" = "";
				"CODE_SIGN_IDENTITY[sdk=watchos*]" = "";
				EMBEDDED_CONTENT_CONTAINS_SWIFT = "$(inherited)";
				INFOPLIST_FILE = "CircatorWatch Extension/Info.plist";
				LD_RUNPATH_SEARCH_PATHS = "$(inherited) @executable_path/Frameworks @executable_path/../../Frameworks";
				PRODUCT_BUNDLE_IDENTIFIER = edu.jhu.cs.damsl.Circator.app.watch.extension;
				PRODUCT_NAME = "${TARGET_NAME}";
				PROVISIONING_PROFILE = "0c28fc97-b186-424c-8b78-20d2f1a883e5";
				SDKROOT = watchos;
				SKIP_INSTALL = YES;
				TARGETED_DEVICE_FAMILY = 4;
				WATCHOS_DEPLOYMENT_TARGET = 2.0;
			};
			name = Debug;
		};
		7881A4041BAF3B3E00ECB3C6 /* Release */ = {
			isa = XCBuildConfiguration;
			buildSettings = {
				ALWAYS_SEARCH_USER_PATHS = NO;
				CLANG_CXX_LANGUAGE_STANDARD = "gnu++0x";
				CLANG_CXX_LIBRARY = "libc++";
				CLANG_ENABLE_MODULES = YES;
				CLANG_ENABLE_OBJC_ARC = YES;
				CLANG_WARN_BOOL_CONVERSION = YES;
				CLANG_WARN_CONSTANT_CONVERSION = YES;
				CLANG_WARN_DIRECT_OBJC_ISA_USAGE = YES_ERROR;
				CLANG_WARN_EMPTY_BODY = YES;
				CLANG_WARN_ENUM_CONVERSION = YES;
				CLANG_WARN_INT_CONVERSION = YES;
				CLANG_WARN_OBJC_ROOT_CLASS = YES_ERROR;
				CLANG_WARN_UNREACHABLE_CODE = YES;
				CLANG_WARN__DUPLICATE_METHOD_MATCH = YES;
				CODE_SIGN_IDENTITY = "";
				"CODE_SIGN_IDENTITY[sdk=iphoneos*]" = "";
				COPY_PHASE_STRIP = NO;
				DEBUG_INFORMATION_FORMAT = "dwarf-with-dsym";
				DEFINES_MODULE = YES;
				ENABLE_NS_ASSERTIONS = NO;
				ENABLE_STRICT_OBJC_MSGSEND = YES;
				GCC_C_LANGUAGE_STANDARD = gnu99;
				GCC_NO_COMMON_BLOCKS = YES;
				GCC_WARN_64_TO_32_BIT_CONVERSION = YES;
				GCC_WARN_ABOUT_RETURN_TYPE = YES_ERROR;
				GCC_WARN_UNDECLARED_SELECTOR = YES;
				GCC_WARN_UNINITIALIZED_AUTOS = YES_AGGRESSIVE;
				GCC_WARN_UNUSED_FUNCTION = YES;
				GCC_WARN_UNUSED_VARIABLE = YES;
				IPHONEOS_DEPLOYMENT_TARGET = 9.0;
				MTL_ENABLE_DEBUG_INFO = NO;
				PROVISIONING_PROFILE = "a298100e-6755-4975-b375-bda25a0d93d1";
				SDKROOT = iphoneos;
				TARGETED_DEVICE_FAMILY = "1,2";
				VALIDATE_PRODUCT = YES;
			};
			name = Release;
		};
		7881A4071BAF3B3E00ECB3C6 /* Release */ = {
			isa = XCBuildConfiguration;
			baseConfigurationReference = 984776BC6A59A33B4580C535 /* Pods.release.xcconfig */;
			buildSettings = {
				ASSETCATALOG_COMPILER_APPICON_NAME = AppIcon;
				CODE_SIGN_ENTITLEMENTS = Circator/Circator.entitlements;
				CODE_SIGN_IDENTITY = "";
				"CODE_SIGN_IDENTITY[sdk=iphoneos*]" = "";
				EMBEDDED_CONTENT_CONTAINS_SWIFT = "$(inherited)";
				FRAMEWORK_SEARCH_PATHS = "$(inherited)";
				GCC_OPTIMIZATION_LEVEL = s;
				INFOPLIST_FILE = Circator/Info.plist;
				IPHONEOS_DEPLOYMENT_TARGET = 9.0;
				LD_RUNPATH_SEARCH_PATHS = "$(inherited) @executable_path/Frameworks";
				PRODUCT_BUNDLE_IDENTIFIER = edu.jhu.cs.damsl.Circator.app;
				PRODUCT_NAME = "$(TARGET_NAME)";
				PROVISIONING_PROFILE = "a298100e-6755-4975-b375-bda25a0d93d1";
				SWIFT_OPTIMIZATION_LEVEL = "-O";
				TARGETED_DEVICE_FAMILY = 1;
			};
			name = Release;
		};
		7881A40A1BAF3B3E00ECB3C6 /* Release */ = {
			isa = XCBuildConfiguration;
			buildSettings = {
				BUNDLE_LOADER = "$(TEST_HOST)";
				EMBEDDED_CONTENT_CONTAINS_SWIFT = "$(inherited)";
				INFOPLIST_FILE = CircatorTests/Info.plist;
				IPHONEOS_DEPLOYMENT_TARGET = 9.0;
				LD_RUNPATH_SEARCH_PATHS = "$(inherited) @executable_path/Frameworks @loader_path/Frameworks";
				PRODUCT_BUNDLE_IDENTIFIER = edu.jhu.cs.damsl.CircatorTests;
				PRODUCT_NAME = "$(TARGET_NAME)";
				TEST_HOST = "$(BUILT_PRODUCTS_DIR)/Circator.app/Circator";
			};
			name = Release;
		};
		7881A40D1BAF3B3E00ECB3C6 /* Release */ = {
			isa = XCBuildConfiguration;
			buildSettings = {
				EMBEDDED_CONTENT_CONTAINS_SWIFT = "$(inherited)";
				INFOPLIST_FILE = CircatorUITests/Info.plist;
				IPHONEOS_DEPLOYMENT_TARGET = 9.0;
				LD_RUNPATH_SEARCH_PATHS = "$(inherited) @executable_path/Frameworks @loader_path/Frameworks";
				PRODUCT_BUNDLE_IDENTIFIER = edu.jhu.cs.damsl.CircatorUITests;
				PRODUCT_NAME = "$(TARGET_NAME)";
				TEST_TARGET_NAME = Circator;
				USES_XCTRUNNER = YES;
			};
			name = Release;
		};
		F42F5B3D1BE1FD1F00195490 /* Release */ = {
			isa = XCBuildConfiguration;
			baseConfigurationReference = 984776BC6A59A33B4580C535 /* Pods.release.xcconfig */;
			buildSettings = {
				CLANG_ENABLE_MODULES = YES;
				CODE_SIGN_IDENTITY = "";
				"CODE_SIGN_IDENTITY[sdk=iphoneos*]" = "";
				CURRENT_PROJECT_VERSION = 23;
				DEFINES_MODULE = YES;
				DYLIB_COMPATIBILITY_VERSION = 1;
				DYLIB_CURRENT_VERSION = 23;
				DYLIB_INSTALL_NAME_BASE = "@rpath";
				EMBEDDED_CONTENT_CONTAINS_SWIFT = NO;
				FRAMEWORK_SEARCH_PATHS = "$(inherited)";
				GCC_PREFIX_HEADER = "Target Support Files/Granola/Granola-prefix.pch";
				INFOPLIST_FILE = CircatorKit/Info.plist;
				INSTALL_PATH = "$(LOCAL_LIBRARY_DIR)/Frameworks";
				IPHONEOS_DEPLOYMENT_TARGET = 9.0;
				LD_RUNPATH_SEARCH_PATHS = "$(inherited) @executable_path/Frameworks @loader_path/Frameworks";
				PRODUCT_BUNDLE_IDENTIFIER = edu.jhu.cs.damsl.Circator.kit;
				PRODUCT_NAME = "$(TARGET_NAME)";
				PROVISIONING_PROFILE = "c1291592-2bbc-435d-83e9-11b642679656";
				SKIP_INSTALL = YES;
				TARGETED_DEVICE_FAMILY = 1;
				VERSIONING_SYSTEM = "apple-generic";
				VERSION_INFO_PREFIX = "";
			};
			name = Release;
		};
		F42F5B711BE20CDD00195490 /* Release */ = {
			isa = XCBuildConfiguration;
			buildSettings = {
				ASSETCATALOG_COMPILER_COMPLICATION_NAME = Complication;
				CODE_SIGN_ENTITLEMENTS = "CircatorWatch Extension/CircatorWatch Extension.entitlements";
				CODE_SIGN_IDENTITY = "";
				"CODE_SIGN_IDENTITY[sdk=iphoneos*]" = "";
				"CODE_SIGN_IDENTITY[sdk=watchos*]" = "";
				EMBEDDED_CONTENT_CONTAINS_SWIFT = "$(inherited)";
				INFOPLIST_FILE = "CircatorWatch Extension/Info.plist";
				LD_RUNPATH_SEARCH_PATHS = "$(inherited) @executable_path/Frameworks @executable_path/../../Frameworks";
				PRODUCT_BUNDLE_IDENTIFIER = edu.jhu.cs.damsl.Circator.app.watch.extension;
				PRODUCT_NAME = "${TARGET_NAME}";
				PROVISIONING_PROFILE = "0c28fc97-b186-424c-8b78-20d2f1a883e5";
				SDKROOT = watchos;
				SKIP_INSTALL = YES;
				TARGETED_DEVICE_FAMILY = 4;
				WATCHOS_DEPLOYMENT_TARGET = 2.0;
			};
			name = Release;
		};
		F42F5B751BE20CDD00195490 /* Release */ = {
			isa = XCBuildConfiguration;
			buildSettings = {
				ASSETCATALOG_COMPILER_APPICON_NAME = WatchAppIcon;
				CODE_SIGN_ENTITLEMENTS = CircatorWatch/CircatorWatch.entitlements;
				CODE_SIGN_IDENTITY = "";
				"CODE_SIGN_IDENTITY[sdk=iphoneos*]" = "";
				"CODE_SIGN_IDENTITY[sdk=watchos*]" = "";
				EMBEDDED_CONTENT_CONTAINS_SWIFT = "$(inherited)";
				IBSC_MODULE = CircatorWatch_Extension;
				INFOPLIST_FILE = CircatorWatch/Info.plist;
				PRODUCT_BUNDLE_IDENTIFIER = edu.jhu.cs.damsl.Circator.app.watch;
				PRODUCT_NAME = "$(TARGET_NAME)";
				PROVISIONING_PROFILE = "cb4029e2-79c7-40f6-89c7-65af9ef4b430";
				SDKROOT = watchos;
				SKIP_INSTALL = YES;
				TARGETED_DEVICE_FAMILY = 4;
				WATCHOS_DEPLOYMENT_TARGET = 2.0;
			};
			name = Release;
		};
/* End XCBuildConfiguration section */

/* Begin XCConfigurationList section */
		7881A3D81BAF3B3E00ECB3C6 /* Build configuration list for PBXProject "Circator" */ = {
			isa = XCConfigurationList;
			buildConfigurations = (
				7881A4041BAF3B3E00ECB3C6 /* Release */,
				786130051C25D7BC00F50DB3 /* Debug */,
			);
			defaultConfigurationIsVisible = 0;
			defaultConfigurationName = Release;
		};
		7881A4051BAF3B3E00ECB3C6 /* Build configuration list for PBXNativeTarget "Circator" */ = {
			isa = XCConfigurationList;
			buildConfigurations = (
				7881A4071BAF3B3E00ECB3C6 /* Release */,
				786130071C25D7BC00F50DB3 /* Debug */,
			);
			defaultConfigurationIsVisible = 0;
			defaultConfigurationName = Release;
		};
		7881A4081BAF3B3E00ECB3C6 /* Build configuration list for PBXNativeTarget "CircatorTests" */ = {
			isa = XCConfigurationList;
			buildConfigurations = (
				7881A40A1BAF3B3E00ECB3C6 /* Release */,
				786130081C25D7BC00F50DB3 /* Debug */,
			);
			defaultConfigurationIsVisible = 0;
			defaultConfigurationName = Release;
		};
		7881A40B1BAF3B3E00ECB3C6 /* Build configuration list for PBXNativeTarget "CircatorUITests" */ = {
			isa = XCConfigurationList;
			buildConfigurations = (
				7881A40D1BAF3B3E00ECB3C6 /* Release */,
				786130091C25D7BC00F50DB3 /* Debug */,
			);
			defaultConfigurationIsVisible = 0;
			defaultConfigurationName = Release;
		};
		F42F5B3B1BE1FD1F00195490 /* Build configuration list for PBXNativeTarget "CircatorKit" */ = {
			isa = XCConfigurationList;
			buildConfigurations = (
				F42F5B3D1BE1FD1F00195490 /* Release */,
				786130061C25D7BC00F50DB3 /* Debug */,
			);
			defaultConfigurationIsVisible = 0;
			defaultConfigurationName = Release;
		};
		F42F5B6F1BE20CDD00195490 /* Build configuration list for PBXNativeTarget "CircatorWatch Extension" */ = {
			isa = XCConfigurationList;
			buildConfigurations = (
				F42F5B711BE20CDD00195490 /* Release */,
				7861300B1C25D7BC00F50DB3 /* Debug */,
			);
			defaultConfigurationIsVisible = 0;
			defaultConfigurationName = Release;
		};
		F42F5B731BE20CDD00195490 /* Build configuration list for PBXNativeTarget "CircatorWatch" */ = {
			isa = XCConfigurationList;
			buildConfigurations = (
				F42F5B751BE20CDD00195490 /* Release */,
				7861300A1C25D7BC00F50DB3 /* Debug */,
			);
			defaultConfigurationIsVisible = 0;
			defaultConfigurationName = Release;
		};
/* End XCConfigurationList section */
	};
	rootObject = 7881A3D51BAF3B3E00ECB3C6 /* Project object */;
}
